// !$*UTF8*$!
{
	archiveVersion = 1;
	classes = {
	};
	objectVersion = 56;
	objects = {

/* Begin PBXBuildFile section */
		092543742A121451000A55D2 /* BestCollectionViewCell.swift in Sources */ = {isa = PBXBuildFile; fileRef = 092543732A121451000A55D2 /* BestCollectionViewCell.swift */; };
		0933C3DA2A0F716E00A4F163 /* AppDelegate.swift in Sources */ = {isa = PBXBuildFile; fileRef = 0933C3D92A0F716E00A4F163 /* AppDelegate.swift */; };
		0933C3DC2A0F716E00A4F163 /* SceneDelegate.swift in Sources */ = {isa = PBXBuildFile; fileRef = 0933C3DB2A0F716E00A4F163 /* SceneDelegate.swift */; };
		0933C3E32A0F716F00A4F163 /* Assets.xcassets in Resources */ = {isa = PBXBuildFile; fileRef = 0933C3E22A0F716F00A4F163 /* Assets.xcassets */; };
		0933C3E62A0F716F00A4F163 /* LaunchScreen.storyboard in Resources */ = {isa = PBXBuildFile; fileRef = 0933C3E42A0F716F00A4F163 /* LaunchScreen.storyboard */; };
		0933C3F52A0F790100A4F163 /* DummyClass.swift in Sources */ = {isa = PBXBuildFile; fileRef = 0933C3F42A0F790100A4F163 /* DummyClass.swift */; };
		0933C3FD2A0F7A5E00A4F163 /* SnapKit in Frameworks */ = {isa = PBXBuildFile; productRef = 0933C3FC2A0F7A5E00A4F163 /* SnapKit */; };
		0933C4002A0F7A7000A4F163 /* Alamofire in Frameworks */ = {isa = PBXBuildFile; productRef = 0933C3FF2A0F7A7000A4F163 /* Alamofire */; };
		0933C4032A0F7A8D00A4F163 /* Kingfisher in Frameworks */ = {isa = PBXBuildFile; productRef = 0933C4022A0F7A8D00A4F163 /* Kingfisher */; };
		0968C2112A11646400945F23 /* bestDataModel.swift in Sources */ = {isa = PBXBuildFile; fileRef = 0968C2102A11646400945F23 /* bestDataModel.swift */; };
		09B7D3A62A12227E00B4B485 /* recommendDataModel.swift in Sources */ = {isa = PBXBuildFile; fileRef = 09B7D3A52A12227E00B4B485 /* recommendDataModel.swift */; };
		09DF36A12A121D1900C8BDA9 /* RecommendCollectionViewCell.swift in Sources */ = {isa = PBXBuildFile; fileRef = 09DF36A02A121D1900C8BDA9 /* RecommendCollectionViewCell.swift */; };
		09FD5D3F2A1166B900976C02 /* SectionTitleCollectionReusableView.swift in Sources */ = {isa = PBXBuildFile; fileRef = 09FD5D3E2A1166B900976C02 /* SectionTitleCollectionReusableView.swift */; };
		09FD5D412A11676000976C02 /* HomeView.swift in Sources */ = {isa = PBXBuildFile; fileRef = 09FD5D402A11676000976C02 /* HomeView.swift */; };
		694D2FFA2A101A8200D84149 /* UIImage+.swift in Sources */ = {isa = PBXBuildFile; fileRef = 694D2FF92A101A8200D84149 /* UIImage+.swift */; };
		694D2FFC2A10B81B00D84149 /* UIVIew+.swift in Sources */ = {isa = PBXBuildFile; fileRef = 694D2FFB2A10B81B00D84149 /* UIVIew+.swift */; };
		694D2FFE2A10B85700D84149 /* UITextField+.swift in Sources */ = {isa = PBXBuildFile; fileRef = 694D2FFD2A10B85700D84149 /* UITextField+.swift */; };
		694D30002A10B89300D84149 /* UIButton+.swift in Sources */ = {isa = PBXBuildFile; fileRef = 694D2FFF2A10B89300D84149 /* UIButton+.swift */; };
		694D30022A10B8C300D84149 /* UIViewController+.swift in Sources */ = {isa = PBXBuildFile; fileRef = 694D30012A10B8C300D84149 /* UIViewController+.swift */; };
		694D30042A10B8F600D84149 /* UIStackView+.swift in Sources */ = {isa = PBXBuildFile; fileRef = 694D30032A10B8F600D84149 /* UIStackView+.swift */; };
		694D30062A10B90E00D84149 /* UILabel+.swift in Sources */ = {isa = PBXBuildFile; fileRef = 694D30052A10B90E00D84149 /* UILabel+.swift */; };
		694D30092A10BA8800D84149 /* UITableViewRegisterable.swift in Sources */ = {isa = PBXBuildFile; fileRef = 694D30082A10BA8800D84149 /* UITableViewRegisterable.swift */; };
		694D300B2A10BA9C00D84149 /* UICollectionViewRegisterable.swift in Sources */ = {isa = PBXBuildFile; fileRef = 694D300A2A10BA9C00D84149 /* UICollectionViewRegisterable.swift */; };
		694D300E2A10BB5700D84149 /* NSObject+.swift in Sources */ = {isa = PBXBuildFile; fileRef = 694D300D2A10BB5700D84149 /* NSObject+.swift */; };
		694D30102A10BCCB00D84149 /* UITableView+.swift in Sources */ = {isa = PBXBuildFile; fileRef = 694D300F2A10BCCB00D84149 /* UITableView+.swift */; };
		694D30182A113A1B00D84149 /* HomeViewController.swift in Sources */ = {isa = PBXBuildFile; fileRef = 694D30172A113A1B00D84149 /* HomeViewController.swift */; };
		694D301A2A113A2B00D84149 /* LookViewController.swift in Sources */ = {isa = PBXBuildFile; fileRef = 694D30192A113A2B00D84149 /* LookViewController.swift */; };
		694D301C2A113A3D00D84149 /* ShoppingViewController.swift in Sources */ = {isa = PBXBuildFile; fileRef = 694D301B2A113A3D00D84149 /* ShoppingViewController.swift */; };
		694D301E2A113A4700D84149 /* LifeViewController.swift in Sources */ = {isa = PBXBuildFile; fileRef = 694D301D2A113A4700D84149 /* LifeViewController.swift */; };
		694D30202A113A5200D84149 /* MyPageViewController.swift in Sources */ = {isa = PBXBuildFile; fileRef = 694D301F2A113A5200D84149 /* MyPageViewController.swift */; };
		694D30222A113ADD00D84149 /* TabBarViewController.swift in Sources */ = {isa = PBXBuildFile; fileRef = 694D30212A113ADD00D84149 /* TabBarViewController.swift */; };
		694D30242A113EBB00D84149 /* BaseViewController.swift in Sources */ = {isa = PBXBuildFile; fileRef = 694D30232A113EBB00D84149 /* BaseViewController.swift */; };
		694D30262A113ECA00D84149 /* BaseView.swift in Sources */ = {isa = PBXBuildFile; fileRef = 694D30252A113ECA00D84149 /* BaseView.swift */; };
		694D302C2A114BF700D84149 /* DetailViewController.swift in Sources */ = {isa = PBXBuildFile; fileRef = 694D302B2A114BF700D84149 /* DetailViewController.swift */; };
		694D302E2A114CB600D84149 /* SizeLiterals.swift in Sources */ = {isa = PBXBuildFile; fileRef = 694D302D2A114CB600D84149 /* SizeLiterals.swift */; };
		699785FD2A100A33005BC69E /* .swiftlint.yml in Resources */ = {isa = PBXBuildFile; fileRef = 699785FC2A100A33005BC69E /* .swiftlint.yml */; };
		699785FF2A1011AE005BC69E /* StringLiterals.swift in Sources */ = {isa = PBXBuildFile; fileRef = 699785FE2A1011AE005BC69E /* StringLiterals.swift */; };
		699786012A1011BB005BC69E /* ImageLiterals.swift in Sources */ = {isa = PBXBuildFile; fileRef = 699786002A1011BB005BC69E /* ImageLiterals.swift */; };
		699786032A1011D2005BC69E /* ColorLiterals.swift in Sources */ = {isa = PBXBuildFile; fileRef = 699786022A1011D2005BC69E /* ColorLiterals.swift */; };
		699786052A101236005BC69E /* FontLiterals.swift in Sources */ = {isa = PBXBuildFile; fileRef = 699786042A101236005BC69E /* FontLiterals.swift */; };
		6997860E2A10145D005BC69E /* NotoSansKR-Regular.otf in Resources */ = {isa = PBXBuildFile; fileRef = 699786082A10145D005BC69E /* NotoSansKR-Regular.otf */; };
		699786112A10145D005BC69E /* NotoSansKR-Bold.otf in Resources */ = {isa = PBXBuildFile; fileRef = 6997860B2A10145D005BC69E /* NotoSansKR-Bold.otf */; };
		699786122A10145D005BC69E /* NotoSansKR-Medium.otf in Resources */ = {isa = PBXBuildFile; fileRef = 6997860C2A10145D005BC69E /* NotoSansKR-Medium.otf */; };
/* End PBXBuildFile section */

/* Begin PBXFileReference section */
		092543732A121451000A55D2 /* BestCollectionViewCell.swift */ = {isa = PBXFileReference; lastKnownFileType = sourcecode.swift; path = BestCollectionViewCell.swift; sourceTree = "<group>"; };
		0933C3D62A0F716E00A4F163 /* Myhouse.app */ = {isa = PBXFileReference; explicitFileType = wrapper.application; includeInIndex = 0; path = Myhouse.app; sourceTree = BUILT_PRODUCTS_DIR; };
		0933C3D92A0F716E00A4F163 /* AppDelegate.swift */ = {isa = PBXFileReference; lastKnownFileType = sourcecode.swift; path = AppDelegate.swift; sourceTree = "<group>"; };
		0933C3DB2A0F716E00A4F163 /* SceneDelegate.swift */ = {isa = PBXFileReference; lastKnownFileType = sourcecode.swift; path = SceneDelegate.swift; sourceTree = "<group>"; };
		0933C3E22A0F716F00A4F163 /* Assets.xcassets */ = {isa = PBXFileReference; lastKnownFileType = folder.assetcatalog; path = Assets.xcassets; sourceTree = "<group>"; };
		0933C3E52A0F716F00A4F163 /* Base */ = {isa = PBXFileReference; lastKnownFileType = file.storyboard; name = Base; path = Base.lproj/LaunchScreen.storyboard; sourceTree = "<group>"; };
		0933C3E72A0F716F00A4F163 /* Info.plist */ = {isa = PBXFileReference; lastKnownFileType = text.plist.xml; path = Info.plist; sourceTree = "<group>"; };
		0933C3F42A0F790100A4F163 /* DummyClass.swift */ = {isa = PBXFileReference; lastKnownFileType = sourcecode.swift; path = DummyClass.swift; sourceTree = "<group>"; };
		0968C2102A11646400945F23 /* bestDataModel.swift */ = {isa = PBXFileReference; lastKnownFileType = sourcecode.swift; path = bestDataModel.swift; sourceTree = "<group>"; };
		09B7D3A52A12227E00B4B485 /* recommendDataModel.swift */ = {isa = PBXFileReference; lastKnownFileType = sourcecode.swift; path = recommendDataModel.swift; sourceTree = "<group>"; };
		09DF36A02A121D1900C8BDA9 /* RecommendCollectionViewCell.swift */ = {isa = PBXFileReference; lastKnownFileType = sourcecode.swift; path = RecommendCollectionViewCell.swift; sourceTree = "<group>"; };
		09FD5D3E2A1166B900976C02 /* SectionTitleCollectionReusableView.swift */ = {isa = PBXFileReference; lastKnownFileType = sourcecode.swift; path = SectionTitleCollectionReusableView.swift; sourceTree = "<group>"; };
		09FD5D402A11676000976C02 /* HomeView.swift */ = {isa = PBXFileReference; lastKnownFileType = sourcecode.swift; path = HomeView.swift; sourceTree = "<group>"; };
		694D2FF92A101A8200D84149 /* UIImage+.swift */ = {isa = PBXFileReference; lastKnownFileType = sourcecode.swift; path = "UIImage+.swift"; sourceTree = "<group>"; };
		694D2FFB2A10B81B00D84149 /* UIVIew+.swift */ = {isa = PBXFileReference; lastKnownFileType = sourcecode.swift; path = "UIVIew+.swift"; sourceTree = "<group>"; };
		694D2FFD2A10B85700D84149 /* UITextField+.swift */ = {isa = PBXFileReference; lastKnownFileType = sourcecode.swift; path = "UITextField+.swift"; sourceTree = "<group>"; };
		694D2FFF2A10B89300D84149 /* UIButton+.swift */ = {isa = PBXFileReference; lastKnownFileType = sourcecode.swift; path = "UIButton+.swift"; sourceTree = "<group>"; };
		694D30012A10B8C300D84149 /* UIViewController+.swift */ = {isa = PBXFileReference; lastKnownFileType = sourcecode.swift; path = "UIViewController+.swift"; sourceTree = "<group>"; };
		694D30032A10B8F600D84149 /* UIStackView+.swift */ = {isa = PBXFileReference; lastKnownFileType = sourcecode.swift; path = "UIStackView+.swift"; sourceTree = "<group>"; };
		694D30052A10B90E00D84149 /* UILabel+.swift */ = {isa = PBXFileReference; lastKnownFileType = sourcecode.swift; path = "UILabel+.swift"; sourceTree = "<group>"; };
		694D30082A10BA8800D84149 /* UITableViewRegisterable.swift */ = {isa = PBXFileReference; lastKnownFileType = sourcecode.swift; path = UITableViewRegisterable.swift; sourceTree = "<group>"; };
		694D300A2A10BA9C00D84149 /* UICollectionViewRegisterable.swift */ = {isa = PBXFileReference; lastKnownFileType = sourcecode.swift; path = UICollectionViewRegisterable.swift; sourceTree = "<group>"; };
		694D300D2A10BB5700D84149 /* NSObject+.swift */ = {isa = PBXFileReference; lastKnownFileType = sourcecode.swift; path = "NSObject+.swift"; sourceTree = "<group>"; };
		694D300F2A10BCCB00D84149 /* UITableView+.swift */ = {isa = PBXFileReference; lastKnownFileType = sourcecode.swift; path = "UITableView+.swift"; sourceTree = "<group>"; };
		694D30172A113A1B00D84149 /* HomeViewController.swift */ = {isa = PBXFileReference; lastKnownFileType = sourcecode.swift; path = HomeViewController.swift; sourceTree = "<group>"; };
		694D30192A113A2B00D84149 /* LookViewController.swift */ = {isa = PBXFileReference; lastKnownFileType = sourcecode.swift; path = LookViewController.swift; sourceTree = "<group>"; };
		694D301B2A113A3D00D84149 /* ShoppingViewController.swift */ = {isa = PBXFileReference; lastKnownFileType = sourcecode.swift; path = ShoppingViewController.swift; sourceTree = "<group>"; };
		694D301D2A113A4700D84149 /* LifeViewController.swift */ = {isa = PBXFileReference; lastKnownFileType = sourcecode.swift; path = LifeViewController.swift; sourceTree = "<group>"; };
		694D301F2A113A5200D84149 /* MyPageViewController.swift */ = {isa = PBXFileReference; lastKnownFileType = sourcecode.swift; path = MyPageViewController.swift; sourceTree = "<group>"; };
		694D30212A113ADD00D84149 /* TabBarViewController.swift */ = {isa = PBXFileReference; lastKnownFileType = sourcecode.swift; path = TabBarViewController.swift; sourceTree = "<group>"; };
		694D30232A113EBB00D84149 /* BaseViewController.swift */ = {isa = PBXFileReference; lastKnownFileType = sourcecode.swift; path = BaseViewController.swift; sourceTree = "<group>"; };
		694D30252A113ECA00D84149 /* BaseView.swift */ = {isa = PBXFileReference; lastKnownFileType = sourcecode.swift; path = BaseView.swift; sourceTree = "<group>"; };
		694D302B2A114BF700D84149 /* DetailViewController.swift */ = {isa = PBXFileReference; lastKnownFileType = sourcecode.swift; path = DetailViewController.swift; sourceTree = "<group>"; };
		694D302D2A114CB600D84149 /* SizeLiterals.swift */ = {isa = PBXFileReference; lastKnownFileType = sourcecode.swift; path = SizeLiterals.swift; sourceTree = "<group>"; };
		699785FC2A100A33005BC69E /* .swiftlint.yml */ = {isa = PBXFileReference; lastKnownFileType = text.yaml; path = .swiftlint.yml; sourceTree = "<group>"; };
		699785FE2A1011AE005BC69E /* StringLiterals.swift */ = {isa = PBXFileReference; lastKnownFileType = sourcecode.swift; path = StringLiterals.swift; sourceTree = "<group>"; };
		699786002A1011BB005BC69E /* ImageLiterals.swift */ = {isa = PBXFileReference; lastKnownFileType = sourcecode.swift; path = ImageLiterals.swift; sourceTree = "<group>"; };
		699786022A1011D2005BC69E /* ColorLiterals.swift */ = {isa = PBXFileReference; lastKnownFileType = sourcecode.swift; path = ColorLiterals.swift; sourceTree = "<group>"; };
		699786042A101236005BC69E /* FontLiterals.swift */ = {isa = PBXFileReference; lastKnownFileType = sourcecode.swift; path = FontLiterals.swift; sourceTree = "<group>"; };
		699786082A10145D005BC69E /* NotoSansKR-Regular.otf */ = {isa = PBXFileReference; lastKnownFileType = file; path = "NotoSansKR-Regular.otf"; sourceTree = "<group>"; };
		6997860B2A10145D005BC69E /* NotoSansKR-Bold.otf */ = {isa = PBXFileReference; lastKnownFileType = file; path = "NotoSansKR-Bold.otf"; sourceTree = "<group>"; };
		6997860C2A10145D005BC69E /* NotoSansKR-Medium.otf */ = {isa = PBXFileReference; lastKnownFileType = file; path = "NotoSansKR-Medium.otf"; sourceTree = "<group>"; };
/* End PBXFileReference section */

/* Begin PBXFrameworksBuildPhase section */
		0933C3D32A0F716E00A4F163 /* Frameworks */ = {
			isa = PBXFrameworksBuildPhase;
			buildActionMask = 2147483647;
			files = (
				0933C4032A0F7A8D00A4F163 /* Kingfisher in Frameworks */,
				0933C3FD2A0F7A5E00A4F163 /* SnapKit in Frameworks */,
				0933C4002A0F7A7000A4F163 /* Alamofire in Frameworks */,
			);
			runOnlyForDeploymentPostprocessing = 0;
		};
/* End PBXFrameworksBuildPhase section */

/* Begin PBXGroup section */
		0933C3CD2A0F716E00A4F163 = {
			isa = PBXGroup;
			children = (
				699785FC2A100A33005BC69E /* .swiftlint.yml */,
				0933C3F62A0F791900A4F163 /* Application */,
				0933C3EF2A0F77E300A4F163 /* Presentation */,
				0933C3EE2A0F77D600A4F163 /* Network */,
				0933C3ED2A0F77CE00A4F163 /* Global */,
				0933C3D72A0F716E00A4F163 /* Products */,
			);
			sourceTree = "<group>";
		};
		0933C3D72A0F716E00A4F163 /* Products */ = {
			isa = PBXGroup;
			children = (
				0933C3D62A0F716E00A4F163 /* Myhouse.app */,
			);
			name = Products;
			sourceTree = "<group>";
		};
		0933C3ED2A0F77CE00A4F163 /* Global */ = {
			isa = PBXGroup;
			children = (
				0933C3F22A0F780D00A4F163 /* Resources */,
				0933C3F12A0F780300A4F163 /* Literals */,
				694D30072A10BA4100D84149 /* Protocols */,
				0933C3F02A0F77F700A4F163 /* Extension */,
			);
			path = Global;
			sourceTree = "<group>";
		};
		0933C3EE2A0F77D600A4F163 /* Network */ = {
			isa = PBXGroup;
			children = (
				0933C3F42A0F790100A4F163 /* DummyClass.swift */,
			);
			path = Network;
			sourceTree = "<group>";
		};
		0933C3EF2A0F77E300A4F163 /* Presentation */ = {
			isa = PBXGroup;
			children = (
				694D30112A11394600D84149 /* Common */,
				694D30122A11395400D84149 /* HomeScene */,
				694D30142A11397600D84149 /* LookScene */,
				694D30132A11395C00D84149 /* ShoppingScene */,
				694D30152A11398000D84149 /* LifeScene */,
				694D30162A11399B00D84149 /* MyPageScene */,
			);
			path = Presentation;
			sourceTree = "<group>";
		};
		0933C3F02A0F77F700A4F163 /* Extension */ = {
			isa = PBXGroup;
			children = (
				694D2FF92A101A8200D84149 /* UIImage+.swift */,
				694D2FFB2A10B81B00D84149 /* UIVIew+.swift */,
				694D2FFD2A10B85700D84149 /* UITextField+.swift */,
				694D2FFF2A10B89300D84149 /* UIButton+.swift */,
				694D30012A10B8C300D84149 /* UIViewController+.swift */,
				694D30032A10B8F600D84149 /* UIStackView+.swift */,
				694D30052A10B90E00D84149 /* UILabel+.swift */,
				694D300D2A10BB5700D84149 /* NSObject+.swift */,
				694D300F2A10BCCB00D84149 /* UITableView+.swift */,
			);
			path = Extension;
			sourceTree = "<group>";
		};
		0933C3F12A0F780300A4F163 /* Literals */ = {
			isa = PBXGroup;
			children = (
				699785FE2A1011AE005BC69E /* StringLiterals.swift */,
				699786002A1011BB005BC69E /* ImageLiterals.swift */,
				699786022A1011D2005BC69E /* ColorLiterals.swift */,
				699786042A101236005BC69E /* FontLiterals.swift */,
				694D302D2A114CB600D84149 /* SizeLiterals.swift */,
			);
			path = Literals;
			sourceTree = "<group>";
		};
		0933C3F22A0F780D00A4F163 /* Resources */ = {
			isa = PBXGroup;
			children = (
				699786062A101449005BC69E /* Font */,
				0933C3E42A0F716F00A4F163 /* LaunchScreen.storyboard */,
				0933C3E22A0F716F00A4F163 /* Assets.xcassets */,
				0933C3E72A0F716F00A4F163 /* Info.plist */,
			);
			path = Resources;
			sourceTree = "<group>";
		};
		0933C3F62A0F791900A4F163 /* Application */ = {
			isa = PBXGroup;
			children = (
				0933C3D92A0F716E00A4F163 /* AppDelegate.swift */,
				0933C3DB2A0F716E00A4F163 /* SceneDelegate.swift */,
			);
			path = Application;
			sourceTree = "<group>";
		};
		095B4FCD2A115A7200618AF7 /* ViewController */ = {
			isa = PBXGroup;
			children = (
				694D30172A113A1B00D84149 /* HomeViewController.swift */,
			);
			path = ViewController;
			sourceTree = "<group>";
		};
		095B4FCE2A115A7F00618AF7 /* View */ = {
			isa = PBXGroup;
			children = (
				09FD5D3E2A1166B900976C02 /* SectionTitleCollectionReusableView.swift */,
				09FD5D402A11676000976C02 /* HomeView.swift */,
			);
			path = View;
			sourceTree = "<group>";
		};
		095B4FCF2A115A8700618AF7 /* ViewModel */ = {
			isa = PBXGroup;
			children = (
				0968C2102A11646400945F23 /* bestDataModel.swift */,
				09B7D3A52A12227E00B4B485 /* recommendDataModel.swift */,
			);
			path = ViewModel;
			sourceTree = "<group>";
		};
		095B4FD12A115A9D00618AF7 /* Cell */ = {
			isa = PBXGroup;
			children = (
				092543732A121451000A55D2 /* BestCollectionViewCell.swift */,
				09DF36A02A121D1900C8BDA9 /* RecommendCollectionViewCell.swift */,
			);
			path = Cell;
			sourceTree = "<group>";
		};
		694D30072A10BA4100D84149 /* Protocols */ = {
			isa = PBXGroup;
			children = (
				694D30082A10BA8800D84149 /* UITableViewRegisterable.swift */,
				694D300A2A10BA9C00D84149 /* UICollectionViewRegisterable.swift */,
			);
			path = Protocols;
			sourceTree = "<group>";
		};
		694D30112A11394600D84149 /* Common */ = {
			isa = PBXGroup;
			children = (
				694D30212A113ADD00D84149 /* TabBarViewController.swift */,
				694D30232A113EBB00D84149 /* BaseViewController.swift */,
				694D30252A113ECA00D84149 /* BaseView.swift */,
			);
			path = Common;
			sourceTree = "<group>";
		};
		694D30122A11395400D84149 /* HomeScene */ = {
			isa = PBXGroup;
			children = (
				095B4FD12A115A9D00618AF7 /* Cell */,
				095B4FCF2A115A8700618AF7 /* ViewModel */,
				095B4FCE2A115A7F00618AF7 /* View */,
				095B4FCD2A115A7200618AF7 /* ViewController */,
			);
			path = HomeScene;
			sourceTree = "<group>";
		};
		694D30132A11395C00D84149 /* ShoppingScene */ = {
			isa = PBXGroup;
			children = (
				694D301B2A113A3D00D84149 /* ShoppingViewController.swift */,
			);
			path = ShoppingScene;
			sourceTree = "<group>";
		};
		694D30142A11397600D84149 /* LookScene */ = {
			isa = PBXGroup;
			children = (
				694D30282A114B2900D84149 /* LookView */,
				694D30292A114B4E00D84149 /* DetailView */,
			);
			path = LookScene;
			sourceTree = "<group>";
		};
		694D30152A11398000D84149 /* LifeScene */ = {
			isa = PBXGroup;
			children = (
				694D301D2A113A4700D84149 /* LifeViewController.swift */,
			);
			path = LifeScene;
			sourceTree = "<group>";
		};
		694D30162A11399B00D84149 /* MyPageScene */ = {
			isa = PBXGroup;
			children = (
				694D301F2A113A5200D84149 /* MyPageViewController.swift */,
			);
			path = MyPageScene;
			sourceTree = "<group>";
		};
		694D30282A114B2900D84149 /* LookView */ = {
			isa = PBXGroup;
			children = (
				694D30192A113A2B00D84149 /* LookViewController.swift */,
			);
			path = LookView;
			sourceTree = "<group>";
		};
		694D30292A114B4E00D84149 /* DetailView */ = {
			isa = PBXGroup;
			children = (
				694D302B2A114BF700D84149 /* DetailViewController.swift */,
			);
			path = DetailView;
			sourceTree = "<group>";
		};
		699786062A101449005BC69E /* Font */ = {
			isa = PBXGroup;
			children = (
				6997860B2A10145D005BC69E /* NotoSansKR-Bold.otf */,
				6997860C2A10145D005BC69E /* NotoSansKR-Medium.otf */,
				699786082A10145D005BC69E /* NotoSansKR-Regular.otf */,
			);
			path = Font;
			sourceTree = "<group>";
		};
/* End PBXGroup section */

/* Begin PBXNativeTarget section */
		0933C3D52A0F716E00A4F163 /* Myhouse */ = {
			isa = PBXNativeTarget;
			buildConfigurationList = 0933C3EA2A0F716F00A4F163 /* Build configuration list for PBXNativeTarget "Myhouse" */;
			buildPhases = (
				699785FB2A1007A1005BC69E /* SwiftLint Script */,
				0933C3D22A0F716E00A4F163 /* Sources */,
				0933C3D32A0F716E00A4F163 /* Frameworks */,
				0933C3D42A0F716E00A4F163 /* Resources */,
			);
			buildRules = (
			);
			dependencies = (
			);
			name = Myhouse;
			packageProductDependencies = (
				0933C3FC2A0F7A5E00A4F163 /* SnapKit */,
				0933C3FF2A0F7A7000A4F163 /* Alamofire */,
				0933C4022A0F7A8D00A4F163 /* Kingfisher */,
			);
			productName = Myhouse;
			productReference = 0933C3D62A0F716E00A4F163 /* Myhouse.app */;
			productType = "com.apple.product-type.application";
		};
/* End PBXNativeTarget section */

/* Begin PBXProject section */
		0933C3CE2A0F716E00A4F163 /* Project object */ = {
			isa = PBXProject;
			attributes = {
				BuildIndependentTargetsInParallel = 1;
				LastSwiftUpdateCheck = 1430;
				LastUpgradeCheck = 1430;
				TargetAttributes = {
					0933C3D52A0F716E00A4F163 = {
						CreatedOnToolsVersion = 14.3;
					};
				};
			};
			buildConfigurationList = 0933C3D12A0F716E00A4F163 /* Build configuration list for PBXProject "Myhouse" */;
			compatibilityVersion = "Xcode 14.0";
			developmentRegion = en;
			hasScannedForEncodings = 0;
			knownRegions = (
				en,
				Base,
			);
			mainGroup = 0933C3CD2A0F716E00A4F163;
			packageReferences = (
				0933C3FB2A0F7A5E00A4F163 /* XCRemoteSwiftPackageReference "SnapKit" */,
				0933C3FE2A0F7A7000A4F163 /* XCRemoteSwiftPackageReference "Alamofire" */,
				0933C4012A0F7A8D00A4F163 /* XCRemoteSwiftPackageReference "Kingfisher" */,
			);
			productRefGroup = 0933C3D72A0F716E00A4F163 /* Products */;
			projectDirPath = "";
			projectRoot = "";
			targets = (
				0933C3D52A0F716E00A4F163 /* Myhouse */,
			);
		};
/* End PBXProject section */

/* Begin PBXResourcesBuildPhase section */
		0933C3D42A0F716E00A4F163 /* Resources */ = {
			isa = PBXResourcesBuildPhase;
			buildActionMask = 2147483647;
			files = (
				699785FD2A100A33005BC69E /* .swiftlint.yml in Resources */,
				699786112A10145D005BC69E /* NotoSansKR-Bold.otf in Resources */,
				699786122A10145D005BC69E /* NotoSansKR-Medium.otf in Resources */,
				0933C3E62A0F716F00A4F163 /* LaunchScreen.storyboard in Resources */,
				0933C3E32A0F716F00A4F163 /* Assets.xcassets in Resources */,
				6997860E2A10145D005BC69E /* NotoSansKR-Regular.otf in Resources */,
			);
			runOnlyForDeploymentPostprocessing = 0;
		};
/* End PBXResourcesBuildPhase section */

/* Begin PBXShellScriptBuildPhase section */
		699785FB2A1007A1005BC69E /* SwiftLint Script */ = {
			isa = PBXShellScriptBuildPhase;
			buildActionMask = 2147483647;
			files = (
			);
			inputFileListPaths = (
			);
			inputPaths = (
			);
			name = "SwiftLint Script";
			outputFileListPaths = (
			);
			outputPaths = (
			);
			runOnlyForDeploymentPostprocessing = 0;
			shellPath = /bin/sh;
			shellScript = "export PATH=\"$PATH:/opt/homebrew/bin\"\nif which swiftlint >/dev/null; then\n    swiftlint\nelse \n    echo \"warning: SwiftLint not installed, download form https://github.com/realm/SwiftLint\"\nfi\n";
		};
/* End PBXShellScriptBuildPhase section */

/* Begin PBXSourcesBuildPhase section */
		0933C3D22A0F716E00A4F163 /* Sources */ = {
			isa = PBXSourcesBuildPhase;
			buildActionMask = 2147483647;
			files = (
				694D301C2A113A3D00D84149 /* ShoppingViewController.swift in Sources */,
				699786012A1011BB005BC69E /* ImageLiterals.swift in Sources */,
				699786032A1011D2005BC69E /* ColorLiterals.swift in Sources */,
				694D30092A10BA8800D84149 /* UITableViewRegisterable.swift in Sources */,
				694D2FFC2A10B81B00D84149 /* UIVIew+.swift in Sources */,
				694D30262A113ECA00D84149 /* BaseView.swift in Sources */,
				0933C3F52A0F790100A4F163 /* DummyClass.swift in Sources */,
				694D30202A113A5200D84149 /* MyPageViewController.swift in Sources */,
				09FD5D3F2A1166B900976C02 /* SectionTitleCollectionReusableView.swift in Sources */,
				0933C3DA2A0F716E00A4F163 /* AppDelegate.swift in Sources */,
				694D302C2A114BF700D84149 /* DetailViewController.swift in Sources */,
				092543742A121451000A55D2 /* BestCollectionViewCell.swift in Sources */,
				694D300E2A10BB5700D84149 /* NSObject+.swift in Sources */,
				694D301E2A113A4700D84149 /* LifeViewController.swift in Sources */,
				09FD5D412A11676000976C02 /* HomeView.swift in Sources */,
				699785FF2A1011AE005BC69E /* StringLiterals.swift in Sources */,
				694D30042A10B8F600D84149 /* UIStackView+.swift in Sources */,
				694D30242A113EBB00D84149 /* BaseViewController.swift in Sources */,
				694D30222A113ADD00D84149 /* TabBarViewController.swift in Sources */,
				694D302E2A114CB600D84149 /* SizeLiterals.swift in Sources */,
				694D30002A10B89300D84149 /* UIButton+.swift in Sources */,
				694D300B2A10BA9C00D84149 /* UICollectionViewRegisterable.swift in Sources */,
				694D2FFE2A10B85700D84149 /* UITextField+.swift in Sources */,
				694D301A2A113A2B00D84149 /* LookViewController.swift in Sources */,
				09B7D3A62A12227E00B4B485 /* recommendDataModel.swift in Sources */,
				694D30022A10B8C300D84149 /* UIViewController+.swift in Sources */,
				694D30102A10BCCB00D84149 /* UITableView+.swift in Sources */,
				694D30182A113A1B00D84149 /* HomeViewController.swift in Sources */,
				694D2FFA2A101A8200D84149 /* UIImage+.swift in Sources */,
				0968C2112A11646400945F23 /* bestDataModel.swift in Sources */,
				09DF36A12A121D1900C8BDA9 /* RecommendCollectionViewCell.swift in Sources */,
				694D30062A10B90E00D84149 /* UILabel+.swift in Sources */,
				0933C3DC2A0F716E00A4F163 /* SceneDelegate.swift in Sources */,
				699786052A101236005BC69E /* FontLiterals.swift in Sources */,
			);
			runOnlyForDeploymentPostprocessing = 0;
		};
/* End PBXSourcesBuildPhase section */

/* Begin PBXVariantGroup section */
		0933C3E42A0F716F00A4F163 /* LaunchScreen.storyboard */ = {
			isa = PBXVariantGroup;
			children = (
				0933C3E52A0F716F00A4F163 /* Base */,
			);
			name = LaunchScreen.storyboard;
			sourceTree = "<group>";
		};
/* End PBXVariantGroup section */

/* Begin XCBuildConfiguration section */
		0933C3E82A0F716F00A4F163 /* Debug */ = {
			isa = XCBuildConfiguration;
			buildSettings = {
				ALWAYS_SEARCH_USER_PATHS = NO;
				CLANG_ANALYZER_NONNULL = YES;
				CLANG_ANALYZER_NUMBER_OBJECT_CONVERSION = YES_AGGRESSIVE;
				CLANG_CXX_LANGUAGE_STANDARD = "gnu++20";
				CLANG_ENABLE_MODULES = YES;
				CLANG_ENABLE_OBJC_ARC = YES;
				CLANG_ENABLE_OBJC_WEAK = YES;
				CLANG_WARN_BLOCK_CAPTURE_AUTORELEASING = YES;
				CLANG_WARN_BOOL_CONVERSION = YES;
				CLANG_WARN_COMMA = YES;
				CLANG_WARN_CONSTANT_CONVERSION = YES;
				CLANG_WARN_DEPRECATED_OBJC_IMPLEMENTATIONS = YES;
				CLANG_WARN_DIRECT_OBJC_ISA_USAGE = YES_ERROR;
				CLANG_WARN_DOCUMENTATION_COMMENTS = YES;
				CLANG_WARN_EMPTY_BODY = YES;
				CLANG_WARN_ENUM_CONVERSION = YES;
				CLANG_WARN_INFINITE_RECURSION = YES;
				CLANG_WARN_INT_CONVERSION = YES;
				CLANG_WARN_NON_LITERAL_NULL_CONVERSION = YES;
				CLANG_WARN_OBJC_IMPLICIT_RETAIN_SELF = YES;
				CLANG_WARN_OBJC_LITERAL_CONVERSION = YES;
				CLANG_WARN_OBJC_ROOT_CLASS = YES_ERROR;
				CLANG_WARN_QUOTED_INCLUDE_IN_FRAMEWORK_HEADER = YES;
				CLANG_WARN_RANGE_LOOP_ANALYSIS = YES;
				CLANG_WARN_STRICT_PROTOTYPES = YES;
				CLANG_WARN_SUSPICIOUS_MOVE = YES;
				CLANG_WARN_UNGUARDED_AVAILABILITY = YES_AGGRESSIVE;
				CLANG_WARN_UNREACHABLE_CODE = YES;
				CLANG_WARN__DUPLICATE_METHOD_MATCH = YES;
				COPY_PHASE_STRIP = NO;
				DEBUG_INFORMATION_FORMAT = dwarf;
				ENABLE_STRICT_OBJC_MSGSEND = YES;
				ENABLE_TESTABILITY = YES;
				GCC_C_LANGUAGE_STANDARD = gnu11;
				GCC_DYNAMIC_NO_PIC = NO;
				GCC_NO_COMMON_BLOCKS = YES;
				GCC_OPTIMIZATION_LEVEL = 0;
				GCC_PREPROCESSOR_DEFINITIONS = (
					"DEBUG=1",
					"$(inherited)",
				);
				GCC_WARN_64_TO_32_BIT_CONVERSION = YES;
				GCC_WARN_ABOUT_RETURN_TYPE = YES_ERROR;
				GCC_WARN_UNDECLARED_SELECTOR = YES;
				GCC_WARN_UNINITIALIZED_AUTOS = YES_AGGRESSIVE;
				GCC_WARN_UNUSED_FUNCTION = YES;
				GCC_WARN_UNUSED_VARIABLE = YES;
				IPHONEOS_DEPLOYMENT_TARGET = 16.4;
				MTL_ENABLE_DEBUG_INFO = INCLUDE_SOURCE;
				MTL_FAST_MATH = YES;
				ONLY_ACTIVE_ARCH = YES;
				SDKROOT = iphoneos;
				SWIFT_ACTIVE_COMPILATION_CONDITIONS = DEBUG;
				SWIFT_OPTIMIZATION_LEVEL = "-Onone";
			};
			name = Debug;
		};
		0933C3E92A0F716F00A4F163 /* Release */ = {
			isa = XCBuildConfiguration;
			buildSettings = {
				ALWAYS_SEARCH_USER_PATHS = NO;
				CLANG_ANALYZER_NONNULL = YES;
				CLANG_ANALYZER_NUMBER_OBJECT_CONVERSION = YES_AGGRESSIVE;
				CLANG_CXX_LANGUAGE_STANDARD = "gnu++20";
				CLANG_ENABLE_MODULES = YES;
				CLANG_ENABLE_OBJC_ARC = YES;
				CLANG_ENABLE_OBJC_WEAK = YES;
				CLANG_WARN_BLOCK_CAPTURE_AUTORELEASING = YES;
				CLANG_WARN_BOOL_CONVERSION = YES;
				CLANG_WARN_COMMA = YES;
				CLANG_WARN_CONSTANT_CONVERSION = YES;
				CLANG_WARN_DEPRECATED_OBJC_IMPLEMENTATIONS = YES;
				CLANG_WARN_DIRECT_OBJC_ISA_USAGE = YES_ERROR;
				CLANG_WARN_DOCUMENTATION_COMMENTS = YES;
				CLANG_WARN_EMPTY_BODY = YES;
				CLANG_WARN_ENUM_CONVERSION = YES;
				CLANG_WARN_INFINITE_RECURSION = YES;
				CLANG_WARN_INT_CONVERSION = YES;
				CLANG_WARN_NON_LITERAL_NULL_CONVERSION = YES;
				CLANG_WARN_OBJC_IMPLICIT_RETAIN_SELF = YES;
				CLANG_WARN_OBJC_LITERAL_CONVERSION = YES;
				CLANG_WARN_OBJC_ROOT_CLASS = YES_ERROR;
				CLANG_WARN_QUOTED_INCLUDE_IN_FRAMEWORK_HEADER = YES;
				CLANG_WARN_RANGE_LOOP_ANALYSIS = YES;
				CLANG_WARN_STRICT_PROTOTYPES = YES;
				CLANG_WARN_SUSPICIOUS_MOVE = YES;
				CLANG_WARN_UNGUARDED_AVAILABILITY = YES_AGGRESSIVE;
				CLANG_WARN_UNREACHABLE_CODE = YES;
				CLANG_WARN__DUPLICATE_METHOD_MATCH = YES;
				COPY_PHASE_STRIP = NO;
				DEBUG_INFORMATION_FORMAT = "dwarf-with-dsym";
				ENABLE_NS_ASSERTIONS = NO;
				ENABLE_STRICT_OBJC_MSGSEND = YES;
				GCC_C_LANGUAGE_STANDARD = gnu11;
				GCC_NO_COMMON_BLOCKS = YES;
				GCC_WARN_64_TO_32_BIT_CONVERSION = YES;
				GCC_WARN_ABOUT_RETURN_TYPE = YES_ERROR;
				GCC_WARN_UNDECLARED_SELECTOR = YES;
				GCC_WARN_UNINITIALIZED_AUTOS = YES_AGGRESSIVE;
				GCC_WARN_UNUSED_FUNCTION = YES;
				GCC_WARN_UNUSED_VARIABLE = YES;
				IPHONEOS_DEPLOYMENT_TARGET = 16.4;
				MTL_ENABLE_DEBUG_INFO = NO;
				MTL_FAST_MATH = YES;
				SDKROOT = iphoneos;
				SWIFT_COMPILATION_MODE = wholemodule;
				SWIFT_OPTIMIZATION_LEVEL = "-O";
				VALIDATE_PRODUCT = YES;
			};
			name = Release;
		};
		0933C3EB2A0F716F00A4F163 /* Debug */ = {
			isa = XCBuildConfiguration;
			buildSettings = {
				ASSETCATALOG_COMPILER_APPICON_NAME = AppIcon;
				ASSETCATALOG_COMPILER_GLOBAL_ACCENT_COLOR_NAME = AccentColor;
				CODE_SIGN_STYLE = Automatic;
				CURRENT_PROJECT_VERSION = 1;
				GENERATE_INFOPLIST_FILE = YES;
				INFOPLIST_FILE = Global/Resources/Info.plist;
				INFOPLIST_KEY_UIApplicationSupportsIndirectInputEvents = YES;
				INFOPLIST_KEY_UILaunchStoryboardName = LaunchScreen;
				INFOPLIST_KEY_UISupportedInterfaceOrientations_iPad = "UIInterfaceOrientationPortrait UIInterfaceOrientationPortraitUpsideDown UIInterfaceOrientationLandscapeLeft UIInterfaceOrientationLandscapeRight";
				INFOPLIST_KEY_UISupportedInterfaceOrientations_iPhone = "UIInterfaceOrientationPortrait UIInterfaceOrientationLandscapeLeft UIInterfaceOrientationLandscapeRight";
				IPHONEOS_DEPLOYMENT_TARGET = 16.0;
				LD_RUNPATH_SEARCH_PATHS = (
					"$(inherited)",
					"@executable_path/Frameworks",
				);
				MARKETING_VERSION = 1.0;
				PRODUCT_BUNDLE_IDENTIFIER = iOS.Myhouse;
				PRODUCT_NAME = "$(TARGET_NAME)";
				SWIFT_EMIT_LOC_STRINGS = YES;
				SWIFT_VERSION = 5.0;
				TARGETED_DEVICE_FAMILY = "1,2";
			};
			name = Debug;
		};
		0933C3EC2A0F716F00A4F163 /* Release */ = {
			isa = XCBuildConfiguration;
			buildSettings = {
				ASSETCATALOG_COMPILER_APPICON_NAME = AppIcon;
				ASSETCATALOG_COMPILER_GLOBAL_ACCENT_COLOR_NAME = AccentColor;
				CODE_SIGN_STYLE = Automatic;
				CURRENT_PROJECT_VERSION = 1;
				GENERATE_INFOPLIST_FILE = YES;
				INFOPLIST_FILE = Global/Resources/Info.plist;
				INFOPLIST_KEY_UIApplicationSupportsIndirectInputEvents = YES;
				INFOPLIST_KEY_UILaunchStoryboardName = LaunchScreen;
				INFOPLIST_KEY_UISupportedInterfaceOrientations_iPad = "UIInterfaceOrientationPortrait UIInterfaceOrientationPortraitUpsideDown UIInterfaceOrientationLandscapeLeft UIInterfaceOrientationLandscapeRight";
				INFOPLIST_KEY_UISupportedInterfaceOrientations_iPhone = "UIInterfaceOrientationPortrait UIInterfaceOrientationLandscapeLeft UIInterfaceOrientationLandscapeRight";
				IPHONEOS_DEPLOYMENT_TARGET = 16.0;
				LD_RUNPATH_SEARCH_PATHS = (
					"$(inherited)",
					"@executable_path/Frameworks",
				);
				MARKETING_VERSION = 1.0;
				PRODUCT_BUNDLE_IDENTIFIER = iOS.Myhouse;
				PRODUCT_NAME = "$(TARGET_NAME)";
				SWIFT_EMIT_LOC_STRINGS = YES;
				SWIFT_VERSION = 5.0;
				TARGETED_DEVICE_FAMILY = "1,2";
			};
			name = Release;
		};
/* End XCBuildConfiguration section */

/* Begin XCConfigurationList section */
		0933C3D12A0F716E00A4F163 /* Build configuration list for PBXProject "Myhouse" */ = {
			isa = XCConfigurationList;
			buildConfigurations = (
				0933C3E82A0F716F00A4F163 /* Debug */,
				0933C3E92A0F716F00A4F163 /* Release */,
			);
			defaultConfigurationIsVisible = 0;
			defaultConfigurationName = Release;
		};
		0933C3EA2A0F716F00A4F163 /* Build configuration list for PBXNativeTarget "Myhouse" */ = {
			isa = XCConfigurationList;
			buildConfigurations = (
				0933C3EB2A0F716F00A4F163 /* Debug */,
				0933C3EC2A0F716F00A4F163 /* Release */,
			);
			defaultConfigurationIsVisible = 0;
			defaultConfigurationName = Release;
		};
/* End XCConfigurationList section */

/* Begin XCRemoteSwiftPackageReference section */
		0933C3FB2A0F7A5E00A4F163 /* XCRemoteSwiftPackageReference "SnapKit" */ = {
			isa = XCRemoteSwiftPackageReference;
			repositoryURL = "https://github.com/SnapKit/SnapKit";
			requirement = {
				kind = upToNextMajorVersion;
				minimumVersion = 5.0.0;
			};
		};
		0933C3FE2A0F7A7000A4F163 /* XCRemoteSwiftPackageReference "Alamofire" */ = {
			isa = XCRemoteSwiftPackageReference;
			repositoryURL = "https://github.com/Alamofire/Alamofire";
			requirement = {
				kind = upToNextMajorVersion;
				minimumVersion = 5.0.0;
			};
		};
		0933C4012A0F7A8D00A4F163 /* XCRemoteSwiftPackageReference "Kingfisher" */ = {
			isa = XCRemoteSwiftPackageReference;
			repositoryURL = "https://github.com/onevcat/Kingfisher";
			requirement = {
				kind = upToNextMajorVersion;
				minimumVersion = 7.0.0;
			};
		};
/* End XCRemoteSwiftPackageReference section */

/* Begin XCSwiftPackageProductDependency section */
		0933C3FC2A0F7A5E00A4F163 /* SnapKit */ = {
			isa = XCSwiftPackageProductDependency;
			package = 0933C3FB2A0F7A5E00A4F163 /* XCRemoteSwiftPackageReference "SnapKit" */;
			productName = SnapKit;
		};
		0933C3FF2A0F7A7000A4F163 /* Alamofire */ = {
			isa = XCSwiftPackageProductDependency;
			package = 0933C3FE2A0F7A7000A4F163 /* XCRemoteSwiftPackageReference "Alamofire" */;
			productName = Alamofire;
		};
		0933C4022A0F7A8D00A4F163 /* Kingfisher */ = {
			isa = XCSwiftPackageProductDependency;
			package = 0933C4012A0F7A8D00A4F163 /* XCRemoteSwiftPackageReference "Kingfisher" */;
			productName = Kingfisher;
		};
/* End XCSwiftPackageProductDependency section */
	};
	rootObject = 0933C3CE2A0F716E00A4F163 /* Project object */;
}
