// !$*UTF8*$!
{
	archiveVersion = 1;
	classes = {
	};
	objectVersion = 56;
	objects = {

/* Begin PBXBuildFile section */
		092543742A121451000A55D2 /* BestCollectionViewCell.swift in Sources */ = {isa = PBXBuildFile; fileRef = 092543732A121451000A55D2 /* BestCollectionViewCell.swift */; };
		0933C3DA2A0F716E00A4F163 /* AppDelegate.swift in Sources */ = {isa = PBXBuildFile; fileRef = 0933C3D92A0F716E00A4F163 /* AppDelegate.swift */; };
		0933C3DC2A0F716E00A4F163 /* SceneDelegate.swift in Sources */ = {isa = PBXBuildFile; fileRef = 0933C3DB2A0F716E00A4F163 /* SceneDelegate.swift */; };
		0933C3E32A0F716F00A4F163 /* Assets.xcassets in Resources */ = {isa = PBXBuildFile; fileRef = 0933C3E22A0F716F00A4F163 /* Assets.xcassets */; };
		0933C3E62A0F716F00A4F163 /* LaunchScreen.storyboard in Resources */ = {isa = PBXBuildFile; fileRef = 0933C3E42A0F716F00A4F163 /* LaunchScreen.storyboard */; };
		0933C3F52A0F790100A4F163 /* DummyClass.swift in Sources */ = {isa = PBXBuildFile; fileRef = 0933C3F42A0F790100A4F163 /* DummyClass.swift */; };
		0933C3FD2A0F7A5E00A4F163 /* SnapKit in Frameworks */ = {isa = PBXBuildFile; productRef = 0933C3FC2A0F7A5E00A4F163 /* SnapKit */; };
		0933C4002A0F7A7000A4F163 /* Alamofire in Frameworks */ = {isa = PBXBuildFile; productRef = 0933C3FF2A0F7A7000A4F163 /* Alamofire */; };
		0933C4032A0F7A8D00A4F163 /* Kingfisher in Frameworks */ = {isa = PBXBuildFile; productRef = 0933C4022A0F7A8D00A4F163 /* Kingfisher */; };
		094373FA2A14A9F7003C8AFD /* ReviewCollectionViewCell.swift in Sources */ = {isa = PBXBuildFile; fileRef = 094373F92A14A9F7003C8AFD /* ReviewCollectionViewCell.swift */; };
		094373FC2A14B0AA003C8AFD /* TodaysIdeasCollectionVIewCell.swift in Sources */ = {isa = PBXBuildFile; fileRef = 094373FB2A14B0AA003C8AFD /* TodaysIdeasCollectionVIewCell.swift */; };
		0951B69B2A13376A00134B6A /* CategoryCollectionViewCell.swift in Sources */ = {isa = PBXBuildFile; fileRef = 0951B69A2A13376A00134B6A /* CategoryCollectionViewCell.swift */; };
		0951B69D2A135E6D00134B6A /* ColorLightCollectionViewCell.swift in Sources */ = {isa = PBXBuildFile; fileRef = 0951B69C2A135E6D00134B6A /* ColorLightCollectionViewCell.swift */; };
		0951B6A12A138AEF00134B6A /* ColorBestCollectionVIewCell.swift in Sources */ = {isa = PBXBuildFile; fileRef = 0951B6A02A138AEF00134B6A /* ColorBestCollectionVIewCell.swift */; };
		0968C2112A11646400945F23 /* BestDataModel.swift in Sources */ = {isa = PBXBuildFile; fileRef = 0968C2102A11646400945F23 /* BestDataModel.swift */; };
		09B7D3A62A12227E00B4B485 /* RecommendDataModel.swift in Sources */ = {isa = PBXBuildFile; fileRef = 09B7D3A52A12227E00B4B485 /* RecommendDataModel.swift */; };
		09DF36A12A121D1900C8BDA9 /* RecommendCollectionViewCell.swift in Sources */ = {isa = PBXBuildFile; fileRef = 09DF36A02A121D1900C8BDA9 /* RecommendCollectionViewCell.swift */; };
		09FD5D412A11676000976C02 /* HomeView.swift in Sources */ = {isa = PBXBuildFile; fileRef = 09FD5D402A11676000976C02 /* HomeView.swift */; };
		694D2FFA2A101A8200D84149 /* UIImage+.swift in Sources */ = {isa = PBXBuildFile; fileRef = 694D2FF92A101A8200D84149 /* UIImage+.swift */; };
		694D2FFC2A10B81B00D84149 /* UIVIew+.swift in Sources */ = {isa = PBXBuildFile; fileRef = 694D2FFB2A10B81B00D84149 /* UIVIew+.swift */; };
		694D2FFE2A10B85700D84149 /* UITextField+.swift in Sources */ = {isa = PBXBuildFile; fileRef = 694D2FFD2A10B85700D84149 /* UITextField+.swift */; };
		694D30002A10B89300D84149 /* UIButton+.swift in Sources */ = {isa = PBXBuildFile; fileRef = 694D2FFF2A10B89300D84149 /* UIButton+.swift */; };
		694D30022A10B8C300D84149 /* UIViewController+.swift in Sources */ = {isa = PBXBuildFile; fileRef = 694D30012A10B8C300D84149 /* UIViewController+.swift */; };
		694D30042A10B8F600D84149 /* UIStackView+.swift in Sources */ = {isa = PBXBuildFile; fileRef = 694D30032A10B8F600D84149 /* UIStackView+.swift */; };
		694D30062A10B90E00D84149 /* UILabel+.swift in Sources */ = {isa = PBXBuildFile; fileRef = 694D30052A10B90E00D84149 /* UILabel+.swift */; };
		694D30092A10BA8800D84149 /* UITableViewRegisterable.swift in Sources */ = {isa = PBXBuildFile; fileRef = 694D30082A10BA8800D84149 /* UITableViewRegisterable.swift */; };
		694D300B2A10BA9C00D84149 /* UICollectionViewRegisterable.swift in Sources */ = {isa = PBXBuildFile; fileRef = 694D300A2A10BA9C00D84149 /* UICollectionViewRegisterable.swift */; };
		694D300E2A10BB5700D84149 /* NSObject+.swift in Sources */ = {isa = PBXBuildFile; fileRef = 694D300D2A10BB5700D84149 /* NSObject+.swift */; };
		694D30102A10BCCB00D84149 /* UITableView+.swift in Sources */ = {isa = PBXBuildFile; fileRef = 694D300F2A10BCCB00D84149 /* UITableView+.swift */; };
		694D30182A113A1B00D84149 /* HomeViewController.swift in Sources */ = {isa = PBXBuildFile; fileRef = 694D30172A113A1B00D84149 /* HomeViewController.swift */; };
		694D301A2A113A2B00D84149 /* LookViewController.swift in Sources */ = {isa = PBXBuildFile; fileRef = 694D30192A113A2B00D84149 /* LookViewController.swift */; };
		694D301C2A113A3D00D84149 /* ShoppingViewController.swift in Sources */ = {isa = PBXBuildFile; fileRef = 694D301B2A113A3D00D84149 /* ShoppingViewController.swift */; };
		694D301E2A113A4700D84149 /* LifeViewController.swift in Sources */ = {isa = PBXBuildFile; fileRef = 694D301D2A113A4700D84149 /* LifeViewController.swift */; };
		694D30202A113A5200D84149 /* MyPageViewController.swift in Sources */ = {isa = PBXBuildFile; fileRef = 694D301F2A113A5200D84149 /* MyPageViewController.swift */; };
		694D30222A113ADD00D84149 /* TabBarViewController.swift in Sources */ = {isa = PBXBuildFile; fileRef = 694D30212A113ADD00D84149 /* TabBarViewController.swift */; };
		694D30242A113EBB00D84149 /* BaseViewController.swift in Sources */ = {isa = PBXBuildFile; fileRef = 694D30232A113EBB00D84149 /* BaseViewController.swift */; };
		694D30262A113ECA00D84149 /* BaseView.swift in Sources */ = {isa = PBXBuildFile; fileRef = 694D30252A113ECA00D84149 /* BaseView.swift */; };
		694D302C2A114BF700D84149 /* DetailViewController.swift in Sources */ = {isa = PBXBuildFile; fileRef = 694D302B2A114BF700D84149 /* DetailViewController.swift */; };
		694D302E2A114CB600D84149 /* SizeLiterals.swift in Sources */ = {isa = PBXBuildFile; fileRef = 694D302D2A114CB600D84149 /* SizeLiterals.swift */; };
		694D30342A115BED00D84149 /* ScrapCollectionViewCell.swift in Sources */ = {isa = PBXBuildFile; fileRef = 694D30332A115BED00D84149 /* ScrapCollectionViewCell.swift */; };
		694D30362A115D3500D84149 /* ScarpViewController.swift in Sources */ = {isa = PBXBuildFile; fileRef = 694D30352A115D3500D84149 /* ScarpViewController.swift */; };
		694D30382A115D5D00D84149 /* ScrapView.swift in Sources */ = {isa = PBXBuildFile; fileRef = 694D30372A115D5D00D84149 /* ScrapView.swift */; };
		69871FE62A18D28D00261CBC /* ScrapPopUpView.swift in Sources */ = {isa = PBXBuildFile; fileRef = 69871FE52A18D28D00261CBC /* ScrapPopUpView.swift */; };
		698A502E2A18A200006A7903 /* CategoryDataModel.swift in Sources */ = {isa = PBXBuildFile; fileRef = 698A502D2A18A200006A7903 /* CategoryDataModel.swift */; };
		698A50302A18A22B006A7903 /* ColorLightDataModel.swift in Sources */ = {isa = PBXBuildFile; fileRef = 698A502F2A18A22B006A7903 /* ColorLightDataModel.swift */; };
		698A50322A18A250006A7903 /* IdeaDataModel.swift in Sources */ = {isa = PBXBuildFile; fileRef = 698A50312A18A250006A7903 /* IdeaDataModel.swift */; };
		69956BB22A1557750044F489 /* FolderTableViewCell.swift in Sources */ = {isa = PBXBuildFile; fileRef = 69956BB12A1557750044F489 /* FolderTableViewCell.swift */; };
		69956BB62A155E110044F489 /* ScrapDataModel.swift in Sources */ = {isa = PBXBuildFile; fileRef = 69956BB52A155E110044F489 /* ScrapDataModel.swift */; };
		69956BB82A155F090044F489 /* FolderHeaderView.swift in Sources */ = {isa = PBXBuildFile; fileRef = 69956BB72A155F090044F489 /* FolderHeaderView.swift */; };
		69956BDA2A1799A10044F489 /* LookDataModel.swift in Sources */ = {isa = PBXBuildFile; fileRef = 69956BD92A1799A10044F489 /* LookDataModel.swift */; };
		69956BDC2A179A3D0044F489 /* LookCollectionView.swift in Sources */ = {isa = PBXBuildFile; fileRef = 69956BDB2A179A3D0044F489 /* LookCollectionView.swift */; };
		69956BDE2A179A660044F489 /* FeedCollectionViewCell.swift in Sources */ = {isa = PBXBuildFile; fileRef = 69956BDD2A179A660044F489 /* FeedCollectionViewCell.swift */; };
		69956BE02A179A9D0044F489 /* TagCollectionViewCell.swift in Sources */ = {isa = PBXBuildFile; fileRef = 69956BDF2A179A9D0044F489 /* TagCollectionViewCell.swift */; };
		69956BE22A179AEA0044F489 /* ScrapButton.swift in Sources */ = {isa = PBXBuildFile; fileRef = 69956BE12A179AEA0044F489 /* ScrapButton.swift */; };
		699785FD2A100A33005BC69E /* .swiftlint.yml in Resources */ = {isa = PBXBuildFile; fileRef = 699785FC2A100A33005BC69E /* .swiftlint.yml */; };
		699785FF2A1011AE005BC69E /* StringLiterals.swift in Sources */ = {isa = PBXBuildFile; fileRef = 699785FE2A1011AE005BC69E /* StringLiterals.swift */; };
		699786012A1011BB005BC69E /* ImageLiterals.swift in Sources */ = {isa = PBXBuildFile; fileRef = 699786002A1011BB005BC69E /* ImageLiterals.swift */; };
		699786032A1011D2005BC69E /* ColorLiterals.swift in Sources */ = {isa = PBXBuildFile; fileRef = 699786022A1011D2005BC69E /* ColorLiterals.swift */; };
		699786052A101236005BC69E /* FontLiterals.swift in Sources */ = {isa = PBXBuildFile; fileRef = 699786042A101236005BC69E /* FontLiterals.swift */; };
		6997860E2A10145D005BC69E /* NotoSansKR-Regular.otf in Resources */ = {isa = PBXBuildFile; fileRef = 699786082A10145D005BC69E /* NotoSansKR-Regular.otf */; };
		699786112A10145D005BC69E /* NotoSansKR-Bold.otf in Resources */ = {isa = PBXBuildFile; fileRef = 6997860B2A10145D005BC69E /* NotoSansKR-Bold.otf */; };
		699786122A10145D005BC69E /* NotoSansKR-Medium.otf in Resources */ = {isa = PBXBuildFile; fileRef = 6997860C2A10145D005BC69E /* NotoSansKR-Medium.otf */; };
		69A199712A153DFD00D4574B /* FolderBottomSheetView.swift in Sources */ = {isa = PBXBuildFile; fileRef = 69A199702A153DFD00D4574B /* FolderBottomSheetView.swift */; };
		69A199732A154BB500D4574B /* FolderBottomSheetViewController.swift in Sources */ = {isa = PBXBuildFile; fileRef = 69A199722A154BB500D4574B /* FolderBottomSheetViewController.swift */; };
		918EB1A22A1E290C00D514EB /* FristCollectionViewCell.swift in Sources */ = {isa = PBXBuildFile; fileRef = 918EB1A12A1E290C00D514EB /* FristCollectionViewCell.swift */; };
		918EB1A42A1E2D0E00D514EB /* PhotoCollectionView.swift in Sources */ = {isa = PBXBuildFile; fileRef = 918EB1A32A1E2D0E00D514EB /* PhotoCollectionView.swift */; };
		918EB1A82A1E31AD00D514EB /* TodayRecommendCollectionViewCell.swift in Sources */ = {isa = PBXBuildFile; fileRef = 918EB1A72A1E31AD00D514EB /* TodayRecommendCollectionViewCell.swift */; };
		918EB1AA2A1E374A00D514EB /* TodayRecommendCollectionView.swift in Sources */ = {isa = PBXBuildFile; fileRef = 918EB1A92A1E374A00D514EB /* TodayRecommendCollectionView.swift */; };
		918EB1AE2A1E3D7800D514EB /* SimilarBestCollectionViewCell.swift in Sources */ = {isa = PBXBuildFile; fileRef = 918EB1AD2A1E3D7800D514EB /* SimilarBestCollectionViewCell.swift */; };
		918EB1B02A1E400D00D514EB /* SimilarBestCollectionView.swift in Sources */ = {isa = PBXBuildFile; fileRef = 918EB1AF2A1E400D00D514EB /* SimilarBestCollectionView.swift */; };
		91D049342A1B8A1500ADC02F /* DetailTableHeadView.swift in Sources */ = {isa = PBXBuildFile; fileRef = 91D049332A1B8A1500ADC02F /* DetailTableHeadView.swift */; };
		91D049382A1B90DE00ADC02F /* DetailTableBottomView.swift in Sources */ = {isa = PBXBuildFile; fileRef = 91D049372A1B90DE00ADC02F /* DetailTableBottomView.swift */; };
		91D0493A2A1BA26700ADC02F /* DetailTableView.swift in Sources */ = {isa = PBXBuildFile; fileRef = 91D049392A1BA26700ADC02F /* DetailTableView.swift */; };
		91D0493C2A1BA35C00ADC02F /* DetailTableViewCell.swift in Sources */ = {isa = PBXBuildFile; fileRef = 91D0493B2A1BA35C00ADC02F /* DetailTableViewCell.swift */; };
		91D0493E2A1BDEF000ADC02F /* DetailTableFirstSectionView.swift in Sources */ = {isa = PBXBuildFile; fileRef = 91D0493D2A1BDEF000ADC02F /* DetailTableFirstSectionView.swift */; };
		91D049402A1BE68D00ADC02F /* DetailTableSecondSectionView.swift in Sources */ = {isa = PBXBuildFile; fileRef = 91D0493F2A1BE68D00ADC02F /* DetailTableSecondSectionView.swift */; };
		9B2A301C2A13C04A0036ECB8 /* Top10CollectionViewCell.swift in Sources */ = {isa = PBXBuildFile; fileRef = 9B2A301B2A13C04A0036ECB8 /* Top10CollectionViewCell.swift */; };
		9B2A301E2A13CC8D0036ECB8 /* ModernDataModel.swift in Sources */ = {isa = PBXBuildFile; fileRef = 9B2A301D2A13CC8D0036ECB8 /* ModernDataModel.swift */; };
		9BF93D782A1241DC00FE3B5B /* SectionTitleCollectionReusableView.swift in Sources */ = {isa = PBXBuildFile; fileRef = 9BF93D772A1241DC00FE3B5B /* SectionTitleCollectionReusableView.swift */; };
		9BF93D7A2A12451500FE3B5B /* DivisionFooterView.swift in Sources */ = {isa = PBXBuildFile; fileRef = 9BF93D792A12451500FE3B5B /* DivisionFooterView.swift */; };
		9BF93D7C2A12992D00FE3B5B /* TodaysProductCollectionViewCell.swift in Sources */ = {isa = PBXBuildFile; fileRef = 9BF93D7B2A12992D00FE3B5B /* TodaysProductCollectionViewCell.swift */; };
		9BF93D822A12A8B900FE3B5B /* ModernCollectionViewCell.swift in Sources */ = {isa = PBXBuildFile; fileRef = 9BF93D812A12A8B900FE3B5B /* ModernCollectionViewCell.swift */; };
		9BF93D842A12ABE200FE3B5B /* MoreButtonFooterView.swift in Sources */ = {isa = PBXBuildFile; fileRef = 9BF93D832A12ABE200FE3B5B /* MoreButtonFooterView.swift */; };
		9BF93D8C2A12AF0600FE3B5B /* TodaysDataModel.swift in Sources */ = {isa = PBXBuildFile; fileRef = 9BF93D8B2A12AF0600FE3B5B /* TodaysDataModel.swift */; };
/* End PBXBuildFile section */

/* Begin PBXFileReference section */
		092543732A121451000A55D2 /* BestCollectionViewCell.swift */ = {isa = PBXFileReference; lastKnownFileType = sourcecode.swift; path = BestCollectionViewCell.swift; sourceTree = "<group>"; };
		0933C3D62A0F716E00A4F163 /* Myhouse.app */ = {isa = PBXFileReference; explicitFileType = wrapper.application; includeInIndex = 0; path = Myhouse.app; sourceTree = BUILT_PRODUCTS_DIR; };
		0933C3D92A0F716E00A4F163 /* AppDelegate.swift */ = {isa = PBXFileReference; lastKnownFileType = sourcecode.swift; path = AppDelegate.swift; sourceTree = "<group>"; };
		0933C3DB2A0F716E00A4F163 /* SceneDelegate.swift */ = {isa = PBXFileReference; lastKnownFileType = sourcecode.swift; path = SceneDelegate.swift; sourceTree = "<group>"; };
		0933C3E22A0F716F00A4F163 /* Assets.xcassets */ = {isa = PBXFileReference; lastKnownFileType = folder.assetcatalog; path = Assets.xcassets; sourceTree = "<group>"; };
		0933C3E52A0F716F00A4F163 /* Base */ = {isa = PBXFileReference; lastKnownFileType = file.storyboard; name = Base; path = Base.lproj/LaunchScreen.storyboard; sourceTree = "<group>"; };
		0933C3E72A0F716F00A4F163 /* Info.plist */ = {isa = PBXFileReference; lastKnownFileType = text.plist.xml; path = Info.plist; sourceTree = "<group>"; };
		0933C3F42A0F790100A4F163 /* DummyClass.swift */ = {isa = PBXFileReference; lastKnownFileType = sourcecode.swift; path = DummyClass.swift; sourceTree = "<group>"; };
		094373F92A14A9F7003C8AFD /* ReviewCollectionViewCell.swift */ = {isa = PBXFileReference; lastKnownFileType = sourcecode.swift; path = ReviewCollectionViewCell.swift; sourceTree = "<group>"; };
		094373FB2A14B0AA003C8AFD /* TodaysIdeasCollectionVIewCell.swift */ = {isa = PBXFileReference; lastKnownFileType = sourcecode.swift; path = TodaysIdeasCollectionVIewCell.swift; sourceTree = "<group>"; };
		0951B69A2A13376A00134B6A /* CategoryCollectionViewCell.swift */ = {isa = PBXFileReference; lastKnownFileType = sourcecode.swift; path = CategoryCollectionViewCell.swift; sourceTree = "<group>"; };
		0951B69C2A135E6D00134B6A /* ColorLightCollectionViewCell.swift */ = {isa = PBXFileReference; lastKnownFileType = sourcecode.swift; path = ColorLightCollectionViewCell.swift; sourceTree = "<group>"; };
		0951B6A02A138AEF00134B6A /* ColorBestCollectionVIewCell.swift */ = {isa = PBXFileReference; lastKnownFileType = sourcecode.swift; path = ColorBestCollectionVIewCell.swift; sourceTree = "<group>"; };
		0968C2102A11646400945F23 /* BestDataModel.swift */ = {isa = PBXFileReference; lastKnownFileType = sourcecode.swift; path = BestDataModel.swift; sourceTree = "<group>"; };
		09B7D3A52A12227E00B4B485 /* RecommendDataModel.swift */ = {isa = PBXFileReference; lastKnownFileType = sourcecode.swift; path = RecommendDataModel.swift; sourceTree = "<group>"; };
		09DF36A02A121D1900C8BDA9 /* RecommendCollectionViewCell.swift */ = {isa = PBXFileReference; lastKnownFileType = sourcecode.swift; path = RecommendCollectionViewCell.swift; sourceTree = "<group>"; };
		09FD5D402A11676000976C02 /* HomeView.swift */ = {isa = PBXFileReference; lastKnownFileType = sourcecode.swift; path = HomeView.swift; sourceTree = "<group>"; };
		694D2FF92A101A8200D84149 /* UIImage+.swift */ = {isa = PBXFileReference; lastKnownFileType = sourcecode.swift; path = "UIImage+.swift"; sourceTree = "<group>"; };
		694D2FFB2A10B81B00D84149 /* UIVIew+.swift */ = {isa = PBXFileReference; lastKnownFileType = sourcecode.swift; path = "UIVIew+.swift"; sourceTree = "<group>"; };
		694D2FFD2A10B85700D84149 /* UITextField+.swift */ = {isa = PBXFileReference; lastKnownFileType = sourcecode.swift; path = "UITextField+.swift"; sourceTree = "<group>"; };
		694D2FFF2A10B89300D84149 /* UIButton+.swift */ = {isa = PBXFileReference; lastKnownFileType = sourcecode.swift; path = "UIButton+.swift"; sourceTree = "<group>"; };
		694D30012A10B8C300D84149 /* UIViewController+.swift */ = {isa = PBXFileReference; lastKnownFileType = sourcecode.swift; path = "UIViewController+.swift"; sourceTree = "<group>"; };
		694D30032A10B8F600D84149 /* UIStackView+.swift */ = {isa = PBXFileReference; lastKnownFileType = sourcecode.swift; path = "UIStackView+.swift"; sourceTree = "<group>"; };
		694D30052A10B90E00D84149 /* UILabel+.swift */ = {isa = PBXFileReference; lastKnownFileType = sourcecode.swift; path = "UILabel+.swift"; sourceTree = "<group>"; };
		694D30082A10BA8800D84149 /* UITableViewRegisterable.swift */ = {isa = PBXFileReference; lastKnownFileType = sourcecode.swift; path = UITableViewRegisterable.swift; sourceTree = "<group>"; };
		694D300A2A10BA9C00D84149 /* UICollectionViewRegisterable.swift */ = {isa = PBXFileReference; lastKnownFileType = sourcecode.swift; path = UICollectionViewRegisterable.swift; sourceTree = "<group>"; };
		694D300D2A10BB5700D84149 /* NSObject+.swift */ = {isa = PBXFileReference; lastKnownFileType = sourcecode.swift; path = "NSObject+.swift"; sourceTree = "<group>"; };
		694D300F2A10BCCB00D84149 /* UITableView+.swift */ = {isa = PBXFileReference; lastKnownFileType = sourcecode.swift; path = "UITableView+.swift"; sourceTree = "<group>"; };
		694D30172A113A1B00D84149 /* HomeViewController.swift */ = {isa = PBXFileReference; lastKnownFileType = sourcecode.swift; path = HomeViewController.swift; sourceTree = "<group>"; };
		694D30192A113A2B00D84149 /* LookViewController.swift */ = {isa = PBXFileReference; lastKnownFileType = sourcecode.swift; path = LookViewController.swift; sourceTree = "<group>"; };
		694D301B2A113A3D00D84149 /* ShoppingViewController.swift */ = {isa = PBXFileReference; lastKnownFileType = sourcecode.swift; path = ShoppingViewController.swift; sourceTree = "<group>"; };
		694D301D2A113A4700D84149 /* LifeViewController.swift */ = {isa = PBXFileReference; lastKnownFileType = sourcecode.swift; path = LifeViewController.swift; sourceTree = "<group>"; };
		694D301F2A113A5200D84149 /* MyPageViewController.swift */ = {isa = PBXFileReference; lastKnownFileType = sourcecode.swift; path = MyPageViewController.swift; sourceTree = "<group>"; };
		694D30212A113ADD00D84149 /* TabBarViewController.swift */ = {isa = PBXFileReference; lastKnownFileType = sourcecode.swift; path = TabBarViewController.swift; sourceTree = "<group>"; };
		694D30232A113EBB00D84149 /* BaseViewController.swift */ = {isa = PBXFileReference; lastKnownFileType = sourcecode.swift; path = BaseViewController.swift; sourceTree = "<group>"; };
		694D30252A113ECA00D84149 /* BaseView.swift */ = {isa = PBXFileReference; lastKnownFileType = sourcecode.swift; path = BaseView.swift; sourceTree = "<group>"; };
		694D302B2A114BF700D84149 /* DetailViewController.swift */ = {isa = PBXFileReference; lastKnownFileType = sourcecode.swift; path = DetailViewController.swift; sourceTree = "<group>"; };
		694D302D2A114CB600D84149 /* SizeLiterals.swift */ = {isa = PBXFileReference; lastKnownFileType = sourcecode.swift; path = SizeLiterals.swift; sourceTree = "<group>"; };
		694D30332A115BED00D84149 /* ScrapCollectionViewCell.swift */ = {isa = PBXFileReference; lastKnownFileType = sourcecode.swift; path = ScrapCollectionViewCell.swift; sourceTree = "<group>"; };
		694D30352A115D3500D84149 /* ScarpViewController.swift */ = {isa = PBXFileReference; lastKnownFileType = sourcecode.swift; path = ScarpViewController.swift; sourceTree = "<group>"; };
		694D30372A115D5D00D84149 /* ScrapView.swift */ = {isa = PBXFileReference; lastKnownFileType = sourcecode.swift; path = ScrapView.swift; sourceTree = "<group>"; };
		69871FE52A18D28D00261CBC /* ScrapPopUpView.swift */ = {isa = PBXFileReference; lastKnownFileType = sourcecode.swift; path = ScrapPopUpView.swift; sourceTree = "<group>"; };
		698A502D2A18A200006A7903 /* CategoryDataModel.swift */ = {isa = PBXFileReference; lastKnownFileType = sourcecode.swift; path = CategoryDataModel.swift; sourceTree = "<group>"; };
		698A502F2A18A22B006A7903 /* ColorLightDataModel.swift */ = {isa = PBXFileReference; lastKnownFileType = sourcecode.swift; path = ColorLightDataModel.swift; sourceTree = "<group>"; };
		698A50312A18A250006A7903 /* IdeaDataModel.swift */ = {isa = PBXFileReference; lastKnownFileType = sourcecode.swift; path = IdeaDataModel.swift; sourceTree = "<group>"; };
		69956BB12A1557750044F489 /* FolderTableViewCell.swift */ = {isa = PBXFileReference; lastKnownFileType = sourcecode.swift; path = FolderTableViewCell.swift; sourceTree = "<group>"; };
		69956BB52A155E110044F489 /* ScrapDataModel.swift */ = {isa = PBXFileReference; lastKnownFileType = sourcecode.swift; path = ScrapDataModel.swift; sourceTree = "<group>"; };
		69956BB72A155F090044F489 /* FolderHeaderView.swift */ = {isa = PBXFileReference; lastKnownFileType = sourcecode.swift; path = FolderHeaderView.swift; sourceTree = "<group>"; };
		69956BD92A1799A10044F489 /* LookDataModel.swift */ = {isa = PBXFileReference; lastKnownFileType = sourcecode.swift; path = LookDataModel.swift; sourceTree = "<group>"; };
		69956BDB2A179A3D0044F489 /* LookCollectionView.swift */ = {isa = PBXFileReference; lastKnownFileType = sourcecode.swift; path = LookCollectionView.swift; sourceTree = "<group>"; };
		69956BDD2A179A660044F489 /* FeedCollectionViewCell.swift */ = {isa = PBXFileReference; lastKnownFileType = sourcecode.swift; path = FeedCollectionViewCell.swift; sourceTree = "<group>"; };
		69956BDF2A179A9D0044F489 /* TagCollectionViewCell.swift */ = {isa = PBXFileReference; lastKnownFileType = sourcecode.swift; path = TagCollectionViewCell.swift; sourceTree = "<group>"; };
		69956BE12A179AEA0044F489 /* ScrapButton.swift */ = {isa = PBXFileReference; lastKnownFileType = sourcecode.swift; path = ScrapButton.swift; sourceTree = "<group>"; };
		699785FC2A100A33005BC69E /* .swiftlint.yml */ = {isa = PBXFileReference; lastKnownFileType = text.yaml; path = .swiftlint.yml; sourceTree = "<group>"; };
		699785FE2A1011AE005BC69E /* StringLiterals.swift */ = {isa = PBXFileReference; lastKnownFileType = sourcecode.swift; path = StringLiterals.swift; sourceTree = "<group>"; };
		699786002A1011BB005BC69E /* ImageLiterals.swift */ = {isa = PBXFileReference; lastKnownFileType = sourcecode.swift; path = ImageLiterals.swift; sourceTree = "<group>"; };
		699786022A1011D2005BC69E /* ColorLiterals.swift */ = {isa = PBXFileReference; lastKnownFileType = sourcecode.swift; path = ColorLiterals.swift; sourceTree = "<group>"; };
		699786042A101236005BC69E /* FontLiterals.swift */ = {isa = PBXFileReference; lastKnownFileType = sourcecode.swift; path = FontLiterals.swift; sourceTree = "<group>"; };
		699786082A10145D005BC69E /* NotoSansKR-Regular.otf */ = {isa = PBXFileReference; lastKnownFileType = file; path = "NotoSansKR-Regular.otf"; sourceTree = "<group>"; };
		6997860B2A10145D005BC69E /* NotoSansKR-Bold.otf */ = {isa = PBXFileReference; lastKnownFileType = file; path = "NotoSansKR-Bold.otf"; sourceTree = "<group>"; };
		6997860C2A10145D005BC69E /* NotoSansKR-Medium.otf */ = {isa = PBXFileReference; lastKnownFileType = file; path = "NotoSansKR-Medium.otf"; sourceTree = "<group>"; };
		69A199702A153DFD00D4574B /* FolderBottomSheetView.swift */ = {isa = PBXFileReference; lastKnownFileType = sourcecode.swift; path = FolderBottomSheetView.swift; sourceTree = "<group>"; };
		69A199722A154BB500D4574B /* FolderBottomSheetViewController.swift */ = {isa = PBXFileReference; lastKnownFileType = sourcecode.swift; path = FolderBottomSheetViewController.swift; sourceTree = "<group>"; };
		918EB1A12A1E290C00D514EB /* FristCollectionViewCell.swift */ = {isa = PBXFileReference; lastKnownFileType = sourcecode.swift; path = FristCollectionViewCell.swift; sourceTree = "<group>"; };
		918EB1A32A1E2D0E00D514EB /* PhotoCollectionView.swift */ = {isa = PBXFileReference; lastKnownFileType = sourcecode.swift; path = PhotoCollectionView.swift; sourceTree = "<group>"; };
		918EB1A72A1E31AD00D514EB /* TodayRecommendCollectionViewCell.swift */ = {isa = PBXFileReference; lastKnownFileType = sourcecode.swift; path = TodayRecommendCollectionViewCell.swift; sourceTree = "<group>"; };
		918EB1A92A1E374A00D514EB /* TodayRecommendCollectionView.swift */ = {isa = PBXFileReference; lastKnownFileType = sourcecode.swift; path = TodayRecommendCollectionView.swift; sourceTree = "<group>"; };
		918EB1AD2A1E3D7800D514EB /* SimilarBestCollectionViewCell.swift */ = {isa = PBXFileReference; lastKnownFileType = sourcecode.swift; path = SimilarBestCollectionViewCell.swift; sourceTree = "<group>"; };
		918EB1AF2A1E400D00D514EB /* SimilarBestCollectionView.swift */ = {isa = PBXFileReference; lastKnownFileType = sourcecode.swift; path = SimilarBestCollectionView.swift; sourceTree = "<group>"; };
		91D049332A1B8A1500ADC02F /* DetailTableHeadView.swift */ = {isa = PBXFileReference; lastKnownFileType = sourcecode.swift; path = DetailTableHeadView.swift; sourceTree = "<group>"; };
		91D049372A1B90DE00ADC02F /* DetailTableBottomView.swift */ = {isa = PBXFileReference; lastKnownFileType = sourcecode.swift; path = DetailTableBottomView.swift; sourceTree = "<group>"; };
		91D049392A1BA26700ADC02F /* DetailTableView.swift */ = {isa = PBXFileReference; lastKnownFileType = sourcecode.swift; path = DetailTableView.swift; sourceTree = "<group>"; };
		91D0493B2A1BA35C00ADC02F /* DetailTableViewCell.swift */ = {isa = PBXFileReference; lastKnownFileType = sourcecode.swift; path = DetailTableViewCell.swift; sourceTree = "<group>"; };
		91D0493D2A1BDEF000ADC02F /* DetailTableFirstSectionView.swift */ = {isa = PBXFileReference; lastKnownFileType = sourcecode.swift; path = DetailTableFirstSectionView.swift; sourceTree = "<group>"; };
		91D0493F2A1BE68D00ADC02F /* DetailTableSecondSectionView.swift */ = {isa = PBXFileReference; lastKnownFileType = sourcecode.swift; path = DetailTableSecondSectionView.swift; sourceTree = "<group>"; };
		9B2A301B2A13C04A0036ECB8 /* Top10CollectionViewCell.swift */ = {isa = PBXFileReference; lastKnownFileType = sourcecode.swift; path = Top10CollectionViewCell.swift; sourceTree = "<group>"; };
		9B2A301D2A13CC8D0036ECB8 /* ModernDataModel.swift */ = {isa = PBXFileReference; lastKnownFileType = sourcecode.swift; path = ModernDataModel.swift; sourceTree = "<group>"; };
		9BF93D772A1241DC00FE3B5B /* SectionTitleCollectionReusableView.swift */ = {isa = PBXFileReference; lastKnownFileType = sourcecode.swift; path = SectionTitleCollectionReusableView.swift; sourceTree = "<group>"; };
		9BF93D792A12451500FE3B5B /* DivisionFooterView.swift */ = {isa = PBXFileReference; lastKnownFileType = sourcecode.swift; path = DivisionFooterView.swift; sourceTree = "<group>"; };
		9BF93D7B2A12992D00FE3B5B /* TodaysProductCollectionViewCell.swift */ = {isa = PBXFileReference; lastKnownFileType = sourcecode.swift; path = TodaysProductCollectionViewCell.swift; sourceTree = "<group>"; };
		9BF93D812A12A8B900FE3B5B /* ModernCollectionViewCell.swift */ = {isa = PBXFileReference; lastKnownFileType = sourcecode.swift; path = ModernCollectionViewCell.swift; sourceTree = "<group>"; };
		9BF93D832A12ABE200FE3B5B /* MoreButtonFooterView.swift */ = {isa = PBXFileReference; lastKnownFileType = sourcecode.swift; path = MoreButtonFooterView.swift; sourceTree = "<group>"; };
		9BF93D8B2A12AF0600FE3B5B /* TodaysDataModel.swift */ = {isa = PBXFileReference; lastKnownFileType = sourcecode.swift; path = TodaysDataModel.swift; sourceTree = "<group>"; };
/* End PBXFileReference section */

/* Begin PBXFrameworksBuildPhase section */
		0933C3D32A0F716E00A4F163 /* Frameworks */ = {
			isa = PBXFrameworksBuildPhase;
			buildActionMask = 2147483647;
			files = (
				0933C4032A0F7A8D00A4F163 /* Kingfisher in Frameworks */,
				0933C3FD2A0F7A5E00A4F163 /* SnapKit in Frameworks */,
				0933C4002A0F7A7000A4F163 /* Alamofire in Frameworks */,
			);
			runOnlyForDeploymentPostprocessing = 0;
		};
/* End PBXFrameworksBuildPhase section */

/* Begin PBXGroup section */
		0933C3CD2A0F716E00A4F163 = {
			isa = PBXGroup;
			children = (
				699785FC2A100A33005BC69E /* .swiftlint.yml */,
				0933C3F62A0F791900A4F163 /* Application */,
				0933C3EF2A0F77E300A4F163 /* Presentation */,
				0933C3EE2A0F77D600A4F163 /* Network */,
				0933C3ED2A0F77CE00A4F163 /* Global */,
				0933C3D72A0F716E00A4F163 /* Products */,
			);
			sourceTree = "<group>";
		};
		0933C3D72A0F716E00A4F163 /* Products */ = {
			isa = PBXGroup;
			children = (
				0933C3D62A0F716E00A4F163 /* Myhouse.app */,
			);
			name = Products;
			sourceTree = "<group>";
		};
		0933C3ED2A0F77CE00A4F163 /* Global */ = {
			isa = PBXGroup;
			children = (
				0933C3F22A0F780D00A4F163 /* Resources */,
				0933C3F12A0F780300A4F163 /* Literals */,
				694D30072A10BA4100D84149 /* Protocols */,
				0933C3F02A0F77F700A4F163 /* Extension */,
			);
			path = Global;
			sourceTree = "<group>";
		};
		0933C3EE2A0F77D600A4F163 /* Network */ = {
			isa = PBXGroup;
			children = (
				0933C3F42A0F790100A4F163 /* DummyClass.swift */,
			);
			path = Network;
			sourceTree = "<group>";
		};
		0933C3EF2A0F77E300A4F163 /* Presentation */ = {
			isa = PBXGroup;
			children = (
				694D30112A11394600D84149 /* Common */,
				694D30122A11395400D84149 /* HomeScene */,
				694D30142A11397600D84149 /* LookScene */,
				694D30132A11395C00D84149 /* ShoppingScene */,
				694D30152A11398000D84149 /* LifeScene */,
				694D30162A11399B00D84149 /* MyPageScene */,
			);
			path = Presentation;
			sourceTree = "<group>";
		};
		0933C3F02A0F77F700A4F163 /* Extension */ = {
			isa = PBXGroup;
			children = (
				694D2FF92A101A8200D84149 /* UIImage+.swift */,
				694D2FFB2A10B81B00D84149 /* UIVIew+.swift */,
				694D2FFD2A10B85700D84149 /* UITextField+.swift */,
				694D2FFF2A10B89300D84149 /* UIButton+.swift */,
				694D30012A10B8C300D84149 /* UIViewController+.swift */,
				694D30032A10B8F600D84149 /* UIStackView+.swift */,
				694D30052A10B90E00D84149 /* UILabel+.swift */,
				694D300D2A10BB5700D84149 /* NSObject+.swift */,
				694D300F2A10BCCB00D84149 /* UITableView+.swift */,
			);
			path = Extension;
			sourceTree = "<group>";
		};
		0933C3F12A0F780300A4F163 /* Literals */ = {
			isa = PBXGroup;
			children = (
				699785FE2A1011AE005BC69E /* StringLiterals.swift */,
				699786002A1011BB005BC69E /* ImageLiterals.swift */,
				699786022A1011D2005BC69E /* ColorLiterals.swift */,
				699786042A101236005BC69E /* FontLiterals.swift */,
				694D302D2A114CB600D84149 /* SizeLiterals.swift */,
			);
			path = Literals;
			sourceTree = "<group>";
		};
		0933C3F22A0F780D00A4F163 /* Resources */ = {
			isa = PBXGroup;
			children = (
				699786062A101449005BC69E /* Font */,
				0933C3E42A0F716F00A4F163 /* LaunchScreen.storyboard */,
				0933C3E22A0F716F00A4F163 /* Assets.xcassets */,
				0933C3E72A0F716F00A4F163 /* Info.plist */,
			);
			path = Resources;
			sourceTree = "<group>";
		};
		0933C3F62A0F791900A4F163 /* Application */ = {
			isa = PBXGroup;
			children = (
				0933C3D92A0F716E00A4F163 /* AppDelegate.swift */,
				0933C3DB2A0F716E00A4F163 /* SceneDelegate.swift */,
			);
			path = Application;
			sourceTree = "<group>";
		};
		095B4FCD2A115A7200618AF7 /* ViewController */ = {
			isa = PBXGroup;
			children = (
				694D30172A113A1B00D84149 /* HomeViewController.swift */,
			);
			path = ViewController;
			sourceTree = "<group>";
		};
		095B4FCE2A115A7F00618AF7 /* View */ = {
			isa = PBXGroup;
			children = (
				09FD5D402A11676000976C02 /* HomeView.swift */,
				9BF93D772A1241DC00FE3B5B /* SectionTitleCollectionReusableView.swift */,
				9BF93D792A12451500FE3B5B /* DivisionFooterView.swift */,
				9BF93D832A12ABE200FE3B5B /* MoreButtonFooterView.swift */,
			);
			path = View;
			sourceTree = "<group>";
		};
		095B4FCF2A115A8700618AF7 /* ViewModel */ = {
			isa = PBXGroup;
			children = (
				0968C2102A11646400945F23 /* BestDataModel.swift */,
				9BF93D8B2A12AF0600FE3B5B /* TodaysDataModel.swift */,
				09B7D3A52A12227E00B4B485 /* RecommendDataModel.swift */,
				9B2A301D2A13CC8D0036ECB8 /* ModernDataModel.swift */,
				698A502D2A18A200006A7903 /* CategoryDataModel.swift */,
				698A502F2A18A22B006A7903 /* ColorLightDataModel.swift */,
				698A50312A18A250006A7903 /* IdeaDataModel.swift */,
			);
			path = ViewModel;
			sourceTree = "<group>";
		};
		095B4FD12A115A9D00618AF7 /* Cell */ = {
			isa = PBXGroup;
			children = (
				092543732A121451000A55D2 /* BestCollectionViewCell.swift */,
				9BF93D7B2A12992D00FE3B5B /* TodaysProductCollectionViewCell.swift */,
				09DF36A02A121D1900C8BDA9 /* RecommendCollectionViewCell.swift */,
				9BF93D812A12A8B900FE3B5B /* ModernCollectionViewCell.swift */,
				0951B69A2A13376A00134B6A /* CategoryCollectionViewCell.swift */,
				0951B69C2A135E6D00134B6A /* ColorLightCollectionViewCell.swift */,
				0951B6A02A138AEF00134B6A /* ColorBestCollectionVIewCell.swift */,
				9B2A301B2A13C04A0036ECB8 /* Top10CollectionViewCell.swift */,
				094373F92A14A9F7003C8AFD /* ReviewCollectionViewCell.swift */,
				094373FB2A14B0AA003C8AFD /* TodaysIdeasCollectionVIewCell.swift */,
			);
			path = Cell;
			sourceTree = "<group>";
		};
		694D30072A10BA4100D84149 /* Protocols */ = {
			isa = PBXGroup;
			children = (
				694D30082A10BA8800D84149 /* UITableViewRegisterable.swift */,
				694D300A2A10BA9C00D84149 /* UICollectionViewRegisterable.swift */,
			);
			path = Protocols;
			sourceTree = "<group>";
		};
		694D30112A11394600D84149 /* Common */ = {
			isa = PBXGroup;
			children = (
				69A1996F2A153DB500D4574B /* Scrap */,
				694D30212A113ADD00D84149 /* TabBarViewController.swift */,
				694D30232A113EBB00D84149 /* BaseViewController.swift */,
				694D30252A113ECA00D84149 /* BaseView.swift */,
			);
			path = Common;
			sourceTree = "<group>";
		};
		694D30122A11395400D84149 /* HomeScene */ = {
			isa = PBXGroup;
			children = (
				095B4FD12A115A9D00618AF7 /* Cell */,
				095B4FCF2A115A8700618AF7 /* ViewModel */,
				095B4FCE2A115A7F00618AF7 /* View */,
				095B4FCD2A115A7200618AF7 /* ViewController */,
			);
			path = HomeScene;
			sourceTree = "<group>";
		};
		694D30132A11395C00D84149 /* ShoppingScene */ = {
			isa = PBXGroup;
			children = (
				694D301B2A113A3D00D84149 /* ShoppingViewController.swift */,
			);
			path = ShoppingScene;
			sourceTree = "<group>";
		};
		694D30142A11397600D84149 /* LookScene */ = {
			isa = PBXGroup;
			children = (
				694D30282A114B2900D84149 /* LookView */,
				694D30292A114B4E00D84149 /* DetailView */,
				694D302F2A11587800D84149 /* ScarpView */,
			);
			path = LookScene;
			sourceTree = "<group>";
		};
		694D30152A11398000D84149 /* LifeScene */ = {
			isa = PBXGroup;
			children = (
				694D301D2A113A4700D84149 /* LifeViewController.swift */,
			);
			path = LifeScene;
			sourceTree = "<group>";
		};
		694D30162A11399B00D84149 /* MyPageScene */ = {
			isa = PBXGroup;
			children = (
				694D301F2A113A5200D84149 /* MyPageViewController.swift */,
			);
			path = MyPageScene;
			sourceTree = "<group>";
		};
		694D30282A114B2900D84149 /* LookView */ = {
			isa = PBXGroup;
			children = (
				69956BD82A1799910044F489 /* ViewModel */,
				69956BD72A1799860044F489 /* ViewController */,
				69956BD52A17996B0044F489 /* View */,
				69956BD62A1799750044F489 /* Cell */,
			);
			path = LookView;
			sourceTree = "<group>";
		};
		694D30292A114B4E00D84149 /* DetailView */ = {
			isa = PBXGroup;
			children = (
				91D049322A1B895700ADC02F /* ViewController */,
				91D049312A1B895000ADC02F /* UIView */,
			);
			path = DetailView;
			sourceTree = "<group>";
		};
		694D302F2A11587800D84149 /* ScarpView */ = {
			isa = PBXGroup;
			children = (
				694D30392A144B3400D84149 /* ViewModel */,
				694D30312A11589500D84149 /* ViewController */,
				694D30302A11588F00D84149 /* View */,
				694D30322A11589F00D84149 /* Cell */,
			);
			path = ScarpView;
			sourceTree = "<group>";
		};
		694D30302A11588F00D84149 /* View */ = {
			isa = PBXGroup;
			children = (
				694D30372A115D5D00D84149 /* ScrapView.swift */,
			);
			path = View;
			sourceTree = "<group>";
		};
		694D30312A11589500D84149 /* ViewController */ = {
			isa = PBXGroup;
			children = (
				694D30352A115D3500D84149 /* ScarpViewController.swift */,
			);
			path = ViewController;
			sourceTree = "<group>";
		};
		694D30322A11589F00D84149 /* Cell */ = {
			isa = PBXGroup;
			children = (
				694D30332A115BED00D84149 /* ScrapCollectionViewCell.swift */,
			);
			path = Cell;
			sourceTree = "<group>";
		};
		694D30392A144B3400D84149 /* ViewModel */ = {
			isa = PBXGroup;
			children = (
				69956BB52A155E110044F489 /* ScrapDataModel.swift */,
			);
			path = ViewModel;
			sourceTree = "<group>";
		};
		69956BD52A17996B0044F489 /* View */ = {
			isa = PBXGroup;
			children = (
				69956BDB2A179A3D0044F489 /* LookCollectionView.swift */,
			);
			path = View;
			sourceTree = "<group>";
		};
		69956BD62A1799750044F489 /* Cell */ = {
			isa = PBXGroup;
			children = (
				69956BDD2A179A660044F489 /* FeedCollectionViewCell.swift */,
				69956BDF2A179A9D0044F489 /* TagCollectionViewCell.swift */,
			);
			path = Cell;
			sourceTree = "<group>";
		};
		69956BD72A1799860044F489 /* ViewController */ = {
			isa = PBXGroup;
			children = (
				694D30192A113A2B00D84149 /* LookViewController.swift */,
			);
			path = ViewController;
			sourceTree = "<group>";
		};
		69956BD82A1799910044F489 /* ViewModel */ = {
			isa = PBXGroup;
			children = (
				69956BD92A1799A10044F489 /* LookDataModel.swift */,
			);
			path = ViewModel;
			sourceTree = "<group>";
		};
		699786062A101449005BC69E /* Font */ = {
			isa = PBXGroup;
			children = (
				6997860B2A10145D005BC69E /* NotoSansKR-Bold.otf */,
				6997860C2A10145D005BC69E /* NotoSansKR-Medium.otf */,
				699786082A10145D005BC69E /* NotoSansKR-Regular.otf */,
			);
			path = Font;
			sourceTree = "<group>";
		};
		69A1996F2A153DB500D4574B /* Scrap */ = {
			isa = PBXGroup;
			children = (
				69A199702A153DFD00D4574B /* FolderBottomSheetView.swift */,
				69A199722A154BB500D4574B /* FolderBottomSheetViewController.swift */,
				69956BB12A1557750044F489 /* FolderTableViewCell.swift */,
				69956BB72A155F090044F489 /* FolderHeaderView.swift */,
				69956BE12A179AEA0044F489 /* ScrapButton.swift */,
				69871FE52A18D28D00261CBC /* ScrapPopUpView.swift */,
			);
			path = Scrap;
			sourceTree = "<group>";
		};
		918EB1A52A1E310600D514EB /* PhotoCollectionView */ = {
			isa = PBXGroup;
			children = (
				918EB1A32A1E2D0E00D514EB /* PhotoCollectionView.swift */,
				918EB1A12A1E290C00D514EB /* FristCollectionViewCell.swift */,
			);
			path = PhotoCollectionView;
			sourceTree = "<group>";
		};
		918EB1A62A1E319600D514EB /* TodayRecommendCollectionView */ = {
			isa = PBXGroup;
			children = (
				918EB1A92A1E374A00D514EB /* TodayRecommendCollectionView.swift */,
				918EB1A72A1E31AD00D514EB /* TodayRecommendCollectionViewCell.swift */,
			);
			path = TodayRecommendCollectionView;
			sourceTree = "<group>";
		};
		918EB1AB2A1E3B3E00D514EB /* DetailTableView */ = {
			isa = PBXGroup;
			children = (
				91D049332A1B8A1500ADC02F /* DetailTableHeadView.swift */,
				91D049392A1BA26700ADC02F /* DetailTableView.swift */,
				91D0493B2A1BA35C00ADC02F /* DetailTableViewCell.swift */,
				91D049372A1B90DE00ADC02F /* DetailTableBottomView.swift */,
				91D0493D2A1BDEF000ADC02F /* DetailTableFirstSectionView.swift */,
				91D0493F2A1BE68D00ADC02F /* DetailTableSecondSectionView.swift */,
			);
			path = DetailTableView;
			sourceTree = "<group>";
		};
		918EB1AC2A1E3D5800D514EB /* SimilarBestCollectionView */ = {
			isa = PBXGroup;
			children = (
				918EB1AF2A1E400D00D514EB /* SimilarBestCollectionView.swift */,
				918EB1AD2A1E3D7800D514EB /* SimilarBestCollectionViewCell.swift */,
			);
			path = SimilarBestCollectionView;
			sourceTree = "<group>";
		};
		91D049312A1B895000ADC02F /* UIView */ = {
			isa = PBXGroup;
			children = (
				918EB1AC2A1E3D5800D514EB /* SimilarBestCollectionView */,
				918EB1A62A1E319600D514EB /* TodayRecommendCollectionView */,
				918EB1A52A1E310600D514EB /* PhotoCollectionView */,
				918EB1AB2A1E3B3E00D514EB /* DetailTableView */,
			);
			path = UIView;
			sourceTree = "<group>";
		};
		91D049322A1B895700ADC02F /* ViewController */ = {
			isa = PBXGroup;
			children = (
				694D302B2A114BF700D84149 /* DetailViewController.swift */,
			);
			path = ViewController;
			sourceTree = "<group>";
		};
/* End PBXGroup section */

/* Begin PBXNativeTarget section */
		0933C3D52A0F716E00A4F163 /* Myhouse */ = {
			isa = PBXNativeTarget;
			buildConfigurationList = 0933C3EA2A0F716F00A4F163 /* Build configuration list for PBXNativeTarget "Myhouse" */;
			buildPhases = (
				699785FB2A1007A1005BC69E /* SwiftLint Script */,
				0933C3D22A0F716E00A4F163 /* Sources */,
				0933C3D32A0F716E00A4F163 /* Frameworks */,
				0933C3D42A0F716E00A4F163 /* Resources */,
			);
			buildRules = (
			);
			dependencies = (
			);
			name = Myhouse;
			packageProductDependencies = (
				0933C3FC2A0F7A5E00A4F163 /* SnapKit */,
				0933C3FF2A0F7A7000A4F163 /* Alamofire */,
				0933C4022A0F7A8D00A4F163 /* Kingfisher */,
			);
			productName = Myhouse;
			productReference = 0933C3D62A0F716E00A4F163 /* Myhouse.app */;
			productType = "com.apple.product-type.application";
		};
/* End PBXNativeTarget section */

/* Begin PBXProject section */
		0933C3CE2A0F716E00A4F163 /* Project object */ = {
			isa = PBXProject;
			attributes = {
				BuildIndependentTargetsInParallel = 1;
				LastSwiftUpdateCheck = 1430;
				LastUpgradeCheck = 1430;
				TargetAttributes = {
					0933C3D52A0F716E00A4F163 = {
						CreatedOnToolsVersion = 14.3;
					};
				};
			};
			buildConfigurationList = 0933C3D12A0F716E00A4F163 /* Build configuration list for PBXProject "Myhouse" */;
			compatibilityVersion = "Xcode 14.0";
			developmentRegion = en;
			hasScannedForEncodings = 0;
			knownRegions = (
				en,
				Base,
			);
			mainGroup = 0933C3CD2A0F716E00A4F163;
			packageReferences = (
				0933C3FB2A0F7A5E00A4F163 /* XCRemoteSwiftPackageReference "SnapKit" */,
				0933C3FE2A0F7A7000A4F163 /* XCRemoteSwiftPackageReference "Alamofire" */,
				0933C4012A0F7A8D00A4F163 /* XCRemoteSwiftPackageReference "Kingfisher" */,
			);
			productRefGroup = 0933C3D72A0F716E00A4F163 /* Products */;
			projectDirPath = "";
			projectRoot = "";
			targets = (
				0933C3D52A0F716E00A4F163 /* Myhouse */,
			);
		};
/* End PBXProject section */

/* Begin PBXResourcesBuildPhase section */
		0933C3D42A0F716E00A4F163 /* Resources */ = {
			isa = PBXResourcesBuildPhase;
			buildActionMask = 2147483647;
			files = (
				699785FD2A100A33005BC69E /* .swiftlint.yml in Resources */,
				699786112A10145D005BC69E /* NotoSansKR-Bold.otf in Resources */,
				699786122A10145D005BC69E /* NotoSansKR-Medium.otf in Resources */,
				0933C3E62A0F716F00A4F163 /* LaunchScreen.storyboard in Resources */,
				0933C3E32A0F716F00A4F163 /* Assets.xcassets in Resources */,
				6997860E2A10145D005BC69E /* NotoSansKR-Regular.otf in Resources */,
			);
			runOnlyForDeploymentPostprocessing = 0;
		};
/* End PBXResourcesBuildPhase section */

/* Begin PBXShellScriptBuildPhase section */
		699785FB2A1007A1005BC69E /* SwiftLint Script */ = {
			isa = PBXShellScriptBuildPhase;
			buildActionMask = 2147483647;
			files = (
			);
			inputFileListPaths = (
			);
			inputPaths = (
			);
			name = "SwiftLint Script";
			outputFileListPaths = (
			);
			outputPaths = (
			);
			runOnlyForDeploymentPostprocessing = 0;
			shellPath = /bin/sh;
			shellScript = "export PATH=\"$PATH:/opt/homebrew/bin\"\nif which swiftlint >/dev/null; then\n    swiftlint\nelse \n    echo \"warning: SwiftLint not installed, download form https://github.com/realm/SwiftLint\"\nfi\n";
		};
/* End PBXShellScriptBuildPhase section */

/* Begin PBXSourcesBuildPhase section */
		0933C3D22A0F716E00A4F163 /* Sources */ = {
			isa = PBXSourcesBuildPhase;
			buildActionMask = 2147483647;
			files = (
				694D301C2A113A3D00D84149 /* ShoppingViewController.swift in Sources */,
				699786012A1011BB005BC69E /* ImageLiterals.swift in Sources */,
				69956BDE2A179A660044F489 /* FeedCollectionViewCell.swift in Sources */,
				69956BB82A155F090044F489 /* FolderHeaderView.swift in Sources */,
				699786032A1011D2005BC69E /* ColorLiterals.swift in Sources */,
				694D30092A10BA8800D84149 /* UITableViewRegisterable.swift in Sources */,
				91D0493A2A1BA26700ADC02F /* DetailTableView.swift in Sources */,
				9BF93D7A2A12451500FE3B5B /* DivisionFooterView.swift in Sources */,
				9BF93D8C2A12AF0600FE3B5B /* TodaysDataModel.swift in Sources */,
				69A199732A154BB500D4574B /* FolderBottomSheetViewController.swift in Sources */,
				694D2FFC2A10B81B00D84149 /* UIVIew+.swift in Sources */,
				094373FC2A14B0AA003C8AFD /* TodaysIdeasCollectionVIewCell.swift in Sources */,
				694D30262A113ECA00D84149 /* BaseView.swift in Sources */,
				0933C3F52A0F790100A4F163 /* DummyClass.swift in Sources */,
				9B2A301E2A13CC8D0036ECB8 /* ModernDataModel.swift in Sources */,
				694D30202A113A5200D84149 /* MyPageViewController.swift in Sources */,
				918EB1AE2A1E3D7800D514EB /* SimilarBestCollectionViewCell.swift in Sources */,
				0951B6A12A138AEF00134B6A /* ColorBestCollectionVIewCell.swift in Sources */,
				0933C3DA2A0F716E00A4F163 /* AppDelegate.swift in Sources */,
				694D30342A115BED00D84149 /* ScrapCollectionViewCell.swift in Sources */,
				9BF93D842A12ABE200FE3B5B /* MoreButtonFooterView.swift in Sources */,
				694D302C2A114BF700D84149 /* DetailViewController.swift in Sources */,
				69956BE02A179A9D0044F489 /* TagCollectionViewCell.swift in Sources */,
				91D049382A1B90DE00ADC02F /* DetailTableBottomView.swift in Sources */,
				69956BB22A1557750044F489 /* FolderTableViewCell.swift in Sources */,
				918EB1AA2A1E374A00D514EB /* TodayRecommendCollectionView.swift in Sources */,
				092543742A121451000A55D2 /* BestCollectionViewCell.swift in Sources */,
				69956BDA2A1799A10044F489 /* LookDataModel.swift in Sources */,
				694D300E2A10BB5700D84149 /* NSObject+.swift in Sources */,
				698A50302A18A22B006A7903 /* ColorLightDataModel.swift in Sources */,
				694D301E2A113A4700D84149 /* LifeViewController.swift in Sources */,
				09FD5D412A11676000976C02 /* HomeView.swift in Sources */,
				69956BE22A179AEA0044F489 /* ScrapButton.swift in Sources */,
				69871FE62A18D28D00261CBC /* ScrapPopUpView.swift in Sources */,
				699785FF2A1011AE005BC69E /* StringLiterals.swift in Sources */,
				91D049402A1BE68D00ADC02F /* DetailTableSecondSectionView.swift in Sources */,
				918EB1B02A1E400D00D514EB /* SimilarBestCollectionView.swift in Sources */,
				694D30042A10B8F600D84149 /* UIStackView+.swift in Sources */,
				918EB1A42A1E2D0E00D514EB /* PhotoCollectionView.swift in Sources */,
				694D30242A113EBB00D84149 /* BaseViewController.swift in Sources */,
				9BF93D782A1241DC00FE3B5B /* SectionTitleCollectionReusableView.swift in Sources */,
				694D30222A113ADD00D84149 /* TabBarViewController.swift in Sources */,
				694D302E2A114CB600D84149 /* SizeLiterals.swift in Sources */,
				694D30362A115D3500D84149 /* ScarpViewController.swift in Sources */,
				694D30382A115D5D00D84149 /* ScrapView.swift in Sources */,
				9B2A301C2A13C04A0036ECB8 /* Top10CollectionViewCell.swift in Sources */,
				69956BB62A155E110044F489 /* ScrapDataModel.swift in Sources */,
				918EB1A22A1E290C00D514EB /* FristCollectionViewCell.swift in Sources */,
				694D30002A10B89300D84149 /* UIButton+.swift in Sources */,
				0951B69D2A135E6D00134B6A /* ColorLightCollectionViewCell.swift in Sources */,
				694D300B2A10BA9C00D84149 /* UICollectionViewRegisterable.swift in Sources */,
				698A502E2A18A200006A7903 /* CategoryDataModel.swift in Sources */,
				694D2FFE2A10B85700D84149 /* UITextField+.swift in Sources */,
				69956BDC2A179A3D0044F489 /* LookCollectionView.swift in Sources */,
				694D301A2A113A2B00D84149 /* LookViewController.swift in Sources */,
				9BF93D7C2A12992D00FE3B5B /* TodaysProductCollectionViewCell.swift in Sources */,
				09B7D3A62A12227E00B4B485 /* RecommendDataModel.swift in Sources */,
				694D30022A10B8C300D84149 /* UIViewController+.swift in Sources */,
				694D30102A10BCCB00D84149 /* UITableView+.swift in Sources */,
				694D30182A113A1B00D84149 /* HomeViewController.swift in Sources */,
				094373FA2A14A9F7003C8AFD /* ReviewCollectionViewCell.swift in Sources */,
				9BF93D822A12A8B900FE3B5B /* ModernCollectionViewCell.swift in Sources */,
				91D0493C2A1BA35C00ADC02F /* DetailTableViewCell.swift in Sources */,
				91D0493E2A1BDEF000ADC02F /* DetailTableFirstSectionView.swift in Sources */,
				694D2FFA2A101A8200D84149 /* UIImage+.swift in Sources */,
				0968C2112A11646400945F23 /* BestDataModel.swift in Sources */,
				09DF36A12A121D1900C8BDA9 /* RecommendCollectionViewCell.swift in Sources */,
				698A50322A18A250006A7903 /* IdeaDataModel.swift in Sources */,
				694D30062A10B90E00D84149 /* UILabel+.swift in Sources */,
				0933C3DC2A0F716E00A4F163 /* SceneDelegate.swift in Sources */,
				91D049342A1B8A1500ADC02F /* DetailTableHeadView.swift in Sources */,
				0951B69B2A13376A00134B6A /* CategoryCollectionViewCell.swift in Sources */,
				69A199712A153DFD00D4574B /* FolderBottomSheetView.swift in Sources */,
				699786052A101236005BC69E /* FontLiterals.swift in Sources */,
				918EB1A82A1E31AD00D514EB /* TodayRecommendCollectionViewCell.swift in Sources */,
			);
			runOnlyForDeploymentPostprocessing = 0;
		};
/* End PBXSourcesBuildPhase section */

/* Begin PBXVariantGroup section */
		0933C3E42A0F716F00A4F163 /* LaunchScreen.storyboard */ = {
			isa = PBXVariantGroup;
			children = (
				0933C3E52A0F716F00A4F163 /* Base */,
			);
			name = LaunchScreen.storyboard;
			sourceTree = "<group>";
		};
/* End PBXVariantGroup section */

/* Begin XCBuildConfiguration section */
		0933C3E82A0F716F00A4F163 /* Debug */ = {
			isa = XCBuildConfiguration;
			buildSettings = {
				ALWAYS_SEARCH_USER_PATHS = NO;
				CLANG_ANALYZER_NONNULL = YES;
				CLANG_ANALYZER_NUMBER_OBJECT_CONVERSION = YES_AGGRESSIVE;
				CLANG_CXX_LANGUAGE_STANDARD = "gnu++20";
				CLANG_ENABLE_MODULES = YES;
				CLANG_ENABLE_OBJC_ARC = YES;
				CLANG_ENABLE_OBJC_WEAK = YES;
				CLANG_WARN_BLOCK_CAPTURE_AUTORELEASING = YES;
				CLANG_WARN_BOOL_CONVERSION = YES;
				CLANG_WARN_COMMA = YES;
				CLANG_WARN_CONSTANT_CONVERSION = YES;
				CLANG_WARN_DEPRECATED_OBJC_IMPLEMENTATIONS = YES;
				CLANG_WARN_DIRECT_OBJC_ISA_USAGE = YES_ERROR;
				CLANG_WARN_DOCUMENTATION_COMMENTS = YES;
				CLANG_WARN_EMPTY_BODY = YES;
				CLANG_WARN_ENUM_CONVERSION = YES;
				CLANG_WARN_INFINITE_RECURSION = YES;
				CLANG_WARN_INT_CONVERSION = YES;
				CLANG_WARN_NON_LITERAL_NULL_CONVERSION = YES;
				CLANG_WARN_OBJC_IMPLICIT_RETAIN_SELF = YES;
				CLANG_WARN_OBJC_LITERAL_CONVERSION = YES;
				CLANG_WARN_OBJC_ROOT_CLASS = YES_ERROR;
				CLANG_WARN_QUOTED_INCLUDE_IN_FRAMEWORK_HEADER = YES;
				CLANG_WARN_RANGE_LOOP_ANALYSIS = YES;
				CLANG_WARN_STRICT_PROTOTYPES = YES;
				CLANG_WARN_SUSPICIOUS_MOVE = YES;
				CLANG_WARN_UNGUARDED_AVAILABILITY = YES_AGGRESSIVE;
				CLANG_WARN_UNREACHABLE_CODE = YES;
				CLANG_WARN__DUPLICATE_METHOD_MATCH = YES;
				COPY_PHASE_STRIP = NO;
				DEBUG_INFORMATION_FORMAT = dwarf;
				ENABLE_STRICT_OBJC_MSGSEND = YES;
				ENABLE_TESTABILITY = YES;
				GCC_C_LANGUAGE_STANDARD = gnu11;
				GCC_DYNAMIC_NO_PIC = NO;
				GCC_NO_COMMON_BLOCKS = YES;
				GCC_OPTIMIZATION_LEVEL = 0;
				GCC_PREPROCESSOR_DEFINITIONS = (
					"DEBUG=1",
					"$(inherited)",
				);
				GCC_WARN_64_TO_32_BIT_CONVERSION = YES;
				GCC_WARN_ABOUT_RETURN_TYPE = YES_ERROR;
				GCC_WARN_UNDECLARED_SELECTOR = YES;
				GCC_WARN_UNINITIALIZED_AUTOS = YES_AGGRESSIVE;
				GCC_WARN_UNUSED_FUNCTION = YES;
				GCC_WARN_UNUSED_VARIABLE = YES;
				IPHONEOS_DEPLOYMENT_TARGET = 16.4;
				MTL_ENABLE_DEBUG_INFO = INCLUDE_SOURCE;
				MTL_FAST_MATH = YES;
				ONLY_ACTIVE_ARCH = YES;
				SDKROOT = iphoneos;
				SWIFT_ACTIVE_COMPILATION_CONDITIONS = DEBUG;
				SWIFT_OPTIMIZATION_LEVEL = "-Onone";
			};
			name = Debug;
		};
		0933C3E92A0F716F00A4F163 /* Release */ = {
			isa = XCBuildConfiguration;
			buildSettings = {
				ALWAYS_SEARCH_USER_PATHS = NO;
				CLANG_ANALYZER_NONNULL = YES;
				CLANG_ANALYZER_NUMBER_OBJECT_CONVERSION = YES_AGGRESSIVE;
				CLANG_CXX_LANGUAGE_STANDARD = "gnu++20";
				CLANG_ENABLE_MODULES = YES;
				CLANG_ENABLE_OBJC_ARC = YES;
				CLANG_ENABLE_OBJC_WEAK = YES;
				CLANG_WARN_BLOCK_CAPTURE_AUTORELEASING = YES;
				CLANG_WARN_BOOL_CONVERSION = YES;
				CLANG_WARN_COMMA = YES;
				CLANG_WARN_CONSTANT_CONVERSION = YES;
				CLANG_WARN_DEPRECATED_OBJC_IMPLEMENTATIONS = YES;
				CLANG_WARN_DIRECT_OBJC_ISA_USAGE = YES_ERROR;
				CLANG_WARN_DOCUMENTATION_COMMENTS = YES;
				CLANG_WARN_EMPTY_BODY = YES;
				CLANG_WARN_ENUM_CONVERSION = YES;
				CLANG_WARN_INFINITE_RECURSION = YES;
				CLANG_WARN_INT_CONVERSION = YES;
				CLANG_WARN_NON_LITERAL_NULL_CONVERSION = YES;
				CLANG_WARN_OBJC_IMPLICIT_RETAIN_SELF = YES;
				CLANG_WARN_OBJC_LITERAL_CONVERSION = YES;
				CLANG_WARN_OBJC_ROOT_CLASS = YES_ERROR;
				CLANG_WARN_QUOTED_INCLUDE_IN_FRAMEWORK_HEADER = YES;
				CLANG_WARN_RANGE_LOOP_ANALYSIS = YES;
				CLANG_WARN_STRICT_PROTOTYPES = YES;
				CLANG_WARN_SUSPICIOUS_MOVE = YES;
				CLANG_WARN_UNGUARDED_AVAILABILITY = YES_AGGRESSIVE;
				CLANG_WARN_UNREACHABLE_CODE = YES;
				CLANG_WARN__DUPLICATE_METHOD_MATCH = YES;
				COPY_PHASE_STRIP = NO;
				DEBUG_INFORMATION_FORMAT = "dwarf-with-dsym";
				ENABLE_NS_ASSERTIONS = NO;
				ENABLE_STRICT_OBJC_MSGSEND = YES;
				GCC_C_LANGUAGE_STANDARD = gnu11;
				GCC_NO_COMMON_BLOCKS = YES;
				GCC_WARN_64_TO_32_BIT_CONVERSION = YES;
				GCC_WARN_ABOUT_RETURN_TYPE = YES_ERROR;
				GCC_WARN_UNDECLARED_SELECTOR = YES;
				GCC_WARN_UNINITIALIZED_AUTOS = YES_AGGRESSIVE;
				GCC_WARN_UNUSED_FUNCTION = YES;
				GCC_WARN_UNUSED_VARIABLE = YES;
				IPHONEOS_DEPLOYMENT_TARGET = 16.4;
				MTL_ENABLE_DEBUG_INFO = NO;
				MTL_FAST_MATH = YES;
				SDKROOT = iphoneos;
				SWIFT_COMPILATION_MODE = wholemodule;
				SWIFT_OPTIMIZATION_LEVEL = "-O";
				VALIDATE_PRODUCT = YES;
			};
			name = Release;
		};
		0933C3EB2A0F716F00A4F163 /* Debug */ = {
			isa = XCBuildConfiguration;
			buildSettings = {
				ASSETCATALOG_COMPILER_APPICON_NAME = AppIcon;
				ASSETCATALOG_COMPILER_GLOBAL_ACCENT_COLOR_NAME = AccentColor;
				CODE_SIGN_STYLE = Automatic;
				CURRENT_PROJECT_VERSION = 1;
				GENERATE_INFOPLIST_FILE = YES;
				INFOPLIST_FILE = Global/Resources/Info.plist;
				INFOPLIST_KEY_UIApplicationSupportsIndirectInputEvents = YES;
				INFOPLIST_KEY_UILaunchStoryboardName = LaunchScreen;
				INFOPLIST_KEY_UISupportedInterfaceOrientations_iPad = "UIInterfaceOrientationPortrait UIInterfaceOrientationPortraitUpsideDown UIInterfaceOrientationLandscapeLeft UIInterfaceOrientationLandscapeRight";
				INFOPLIST_KEY_UISupportedInterfaceOrientations_iPhone = "UIInterfaceOrientationPortrait UIInterfaceOrientationLandscapeLeft UIInterfaceOrientationLandscapeRight";
				IPHONEOS_DEPLOYMENT_TARGET = 16.0;
				LD_RUNPATH_SEARCH_PATHS = (
					"$(inherited)",
					"@executable_path/Frameworks",
				);
				MARKETING_VERSION = 1.0;
				PRODUCT_BUNDLE_IDENTIFIER = iOS.Myhouse;
				PRODUCT_NAME = "$(TARGET_NAME)";
				SWIFT_EMIT_LOC_STRINGS = YES;
				SWIFT_VERSION = 5.0;
				TARGETED_DEVICE_FAMILY = "1,2";
			};
			name = Debug;
		};
		0933C3EC2A0F716F00A4F163 /* Release */ = {
			isa = XCBuildConfiguration;
			buildSettings = {
				ASSETCATALOG_COMPILER_APPICON_NAME = AppIcon;
				ASSETCATALOG_COMPILER_GLOBAL_ACCENT_COLOR_NAME = AccentColor;
				CODE_SIGN_STYLE = Automatic;
				CURRENT_PROJECT_VERSION = 1;
				GENERATE_INFOPLIST_FILE = YES;
				INFOPLIST_FILE = Global/Resources/Info.plist;
				INFOPLIST_KEY_UIApplicationSupportsIndirectInputEvents = YES;
				INFOPLIST_KEY_UILaunchStoryboardName = LaunchScreen;
				INFOPLIST_KEY_UISupportedInterfaceOrientations_iPad = "UIInterfaceOrientationPortrait UIInterfaceOrientationPortraitUpsideDown UIInterfaceOrientationLandscapeLeft UIInterfaceOrientationLandscapeRight";
				INFOPLIST_KEY_UISupportedInterfaceOrientations_iPhone = "UIInterfaceOrientationPortrait UIInterfaceOrientationLandscapeLeft UIInterfaceOrientationLandscapeRight";
				IPHONEOS_DEPLOYMENT_TARGET = 16.0;
				LD_RUNPATH_SEARCH_PATHS = (
					"$(inherited)",
					"@executable_path/Frameworks",
				);
				MARKETING_VERSION = 1.0;
				PRODUCT_BUNDLE_IDENTIFIER = iOS.Myhouse;
				PRODUCT_NAME = "$(TARGET_NAME)";
				SWIFT_EMIT_LOC_STRINGS = YES;
				SWIFT_VERSION = 5.0;
				TARGETED_DEVICE_FAMILY = "1,2";
			};
			name = Release;
		};
/* End XCBuildConfiguration section */

/* Begin XCConfigurationList section */
		0933C3D12A0F716E00A4F163 /* Build configuration list for PBXProject "Myhouse" */ = {
			isa = XCConfigurationList;
			buildConfigurations = (
				0933C3E82A0F716F00A4F163 /* Debug */,
				0933C3E92A0F716F00A4F163 /* Release */,
			);
			defaultConfigurationIsVisible = 0;
			defaultConfigurationName = Release;
		};
		0933C3EA2A0F716F00A4F163 /* Build configuration list for PBXNativeTarget "Myhouse" */ = {
			isa = XCConfigurationList;
			buildConfigurations = (
				0933C3EB2A0F716F00A4F163 /* Debug */,
				0933C3EC2A0F716F00A4F163 /* Release */,
			);
			defaultConfigurationIsVisible = 0;
			defaultConfigurationName = Release;
		};
/* End XCConfigurationList section */

/* Begin XCRemoteSwiftPackageReference section */
		0933C3FB2A0F7A5E00A4F163 /* XCRemoteSwiftPackageReference "SnapKit" */ = {
			isa = XCRemoteSwiftPackageReference;
			repositoryURL = "https://github.com/SnapKit/SnapKit";
			requirement = {
				kind = upToNextMajorVersion;
				minimumVersion = 5.0.0;
			};
		};
		0933C3FE2A0F7A7000A4F163 /* XCRemoteSwiftPackageReference "Alamofire" */ = {
			isa = XCRemoteSwiftPackageReference;
			repositoryURL = "https://github.com/Alamofire/Alamofire";
			requirement = {
				kind = upToNextMajorVersion;
				minimumVersion = 5.0.0;
			};
		};
		0933C4012A0F7A8D00A4F163 /* XCRemoteSwiftPackageReference "Kingfisher" */ = {
			isa = XCRemoteSwiftPackageReference;
			repositoryURL = "https://github.com/onevcat/Kingfisher";
			requirement = {
				kind = upToNextMajorVersion;
				minimumVersion = 7.0.0;
			};
		};
/* End XCRemoteSwiftPackageReference section */

/* Begin XCSwiftPackageProductDependency section */
		0933C3FC2A0F7A5E00A4F163 /* SnapKit */ = {
			isa = XCSwiftPackageProductDependency;
			package = 0933C3FB2A0F7A5E00A4F163 /* XCRemoteSwiftPackageReference "SnapKit" */;
			productName = SnapKit;
		};
		0933C3FF2A0F7A7000A4F163 /* Alamofire */ = {
			isa = XCSwiftPackageProductDependency;
			package = 0933C3FE2A0F7A7000A4F163 /* XCRemoteSwiftPackageReference "Alamofire" */;
			productName = Alamofire;
		};
		0933C4022A0F7A8D00A4F163 /* Kingfisher */ = {
			isa = XCSwiftPackageProductDependency;
			package = 0933C4012A0F7A8D00A4F163 /* XCRemoteSwiftPackageReference "Kingfisher" */;
			productName = Kingfisher;
		};
/* End XCSwiftPackageProductDependency section */
	};
	rootObject = 0933C3CE2A0F716E00A4F163 /* Project object */;
}
